{
  "version": 4,
  "terraform_version": "1.14.8",
  "serial": 71,
  "lineage": "0a65a664-0267-025c-9a9f-49d34646559f",
  "outputs": {
    "api_base_url": {
      "value": "https://84g06eird9.execute-api.us-east-2.amazonaws.com/",
      "type": "string"
    },
    "check_task_command": {
      "value": "aws dynamodb get-item \\\n  --table-name async-task-processor-dev-tasks \\\n  --region us-east-2 \\\n  --key '{\"pk\": {\"S\": \"TASK#task-1\"}, \"sk\": {\"S\": \"DETAIL\"}}'\n",
      "type": "string"
    },
    "ci_deploy_role_arn": {
      "value": "arn:aws:iam::105299591393:role/github-actions-deploy",
      "type": "string"
    },
    "fulfillment_dlq_url": {
      "value": "https://sqs.us-east-2.amazonaws.com/105299591393/async-task-processor-dev-failed-dlq",
      "type": "string"
    },
    "http_get_task": {
      "value": "curl https://84g06eird9.execute-api.us-east-2.amazonaws.com//tasks/http-task-1",
      "type": "string"
    },
    "http_post_task": {
      "value": "curl -X POST https://84g06eird9.execute-api.us-east-2.amazonaws.com//tasks \\\n  -H \"Content-Type: application/json\" \\\n  -d '{\n    \"taskId\": \"http-task-1\",\n    \"payload\": { \"dummy\": \"payload\" }\n  }'\n",
      "type": "string"
    },
    "start_execution_command": {
      "value": "aws stepfunctions start-execution \\\n  --state-machine-arn arn:aws:states:us-east-2:105299591393:stateMachine:async-task-processor-dev-task-workflow \\\n  --region us-east-2 \\\n  --input '{\n    \"taskId\": \"task-1\",\n    \"payload\": { \"dummy\": \"payload\" }\n  }'\n",
      "type": "string"
    },
    "state_machine_arn": {
      "value": "arn:aws:states:us-east-2:105299591393:stateMachine:async-task-processor-dev-task-workflow",
      "type": "string"
    },
    "state_machine_console_url": {
      "value": "https://us-east-2.console.aws.amazon.com/states/home?region=us-east-2#/statemachines/view/arn:aws:states:us-east-2:105299591393:stateMachine:async-task-processor-dev-task-workflow",
      "type": "string"
    },
    "tasks_table_name": {
      "value": "async-task-processor-dev-tasks",
      "type": "string"
    }
  },
  "resources": [
    {
      "mode": "data",
      "type": "archive_file",
      "name": "fail_task",
      "provider": "provider[\"registry.terraform.io/hashicorp/archive\"]",
      "instances": [
        {
          "schema_version": 0,
          "attributes": {
            "exclude_symlink_directories": null,
            "excludes": null,
            "id": "d9d12720134db7ab77a4727cd3fae7c65db6c7ae",
            "output_base64sha256": "W8TQgq5zZME9wCVCKThPrdatCqEK7qrC9iVUPQ7lY1c=",
            "output_base64sha512": "G2xFstHvrOgocyo0ISXn914tTL80wT9x2icsvnf50oIsKXjDC6d+YkiZEiioMi86I2eJjeZM4/efCY0jkm+RQQ==",
            "output_file_mode": null,
            "output_md5": "7e44328407195b3688c6d01e41a74191",
            "output_path": "./.build/fail_task.zip",
            "output_sha": "d9d12720134db7ab77a4727cd3fae7c65db6c7ae",
            "output_sha256": "5bc4d082ae7364c13dc0254229384fadd6ad0aa10aeeaac2f625543d0ee56357",
            "output_sha512": "1b6c45b2d1eface828732a342125e7f75e2d4cbf34c13f71da272cbe77f9d2822c2978c30ba77e6248991228a8322f3a2367898de64ce3f79f098d23926f9141",
            "output_size": 1296,
            "source": [],
            "source_content": null,
            "source_content_filename": null,
            "source_dir": "./dist/fail_task",
            "source_file": null,
            "type": "zip"
          },
          "sensitive_attributes": [],
          "identity_schema_version": 0
        }
      ]
    },
    {
      "mode": "data",
      "type": "archive_file",
      "name": "get_task",
      "provider": "provider[\"registry.terraform.io/hashicorp/archive\"]",
      "instances": [
        {
          "schema_version": 0,
          "attributes": {
            "exclude_symlink_directories": null,
            "excludes": null,
            "id": "409157a6ca61c92eb6a21162bb528b63df7aa21a",
            "output_base64sha256": "nVJ0dLCou6ru0IEyC8dTr3rTfjlNzy4ZAZ+5qTWtfYQ=",
            "output_base64sha512": "2C6HrQp1r1z7gGHgw/PSzFsSVm0LXjrrvuvYVGP+0iOOEwn3sVbRw231JlBZx6I5Kdg7gskY0j+xXUZtohHOhA==",
            "output_file_mode": null,
            "output_md5": "44b8b066883dc558f476493c36326d6c",
            "output_path": "./.build/get_task.zip",
            "output_sha": "409157a6ca61c92eb6a21162bb528b63df7aa21a",
            "output_sha256": "9d527474b0a8bbaaeed081320bc753af7ad37e394dcf2e19019fb9a935ad7d84",
            "output_sha512": "d82e87ad0a75af5cfb8061e0c3f3d2cc5b12566d0b5e3aebbeebd85463fed2238e1309f7b156d1c36df5265059c7a23929d83b82c918d23fb15d466da211ce84",
            "output_size": 1061,
            "source": [],
            "source_content": null,
            "source_content_filename": null,
            "source_dir": "./dist/get_task",
            "source_file": null,
            "type": "zip"
          },
          "sensitive_attributes": [],
          "identity_schema_version": 0
        }
      ]
    },
    {
      "mode": "data",
      "type": "archive_file",
      "name": "list_tasks",
      "provider": "provider[\"registry.terraform.io/hashicorp/archive\"]",
      "instances": [
        {
          "schema_version": 0,
          "attributes": {
            "exclude_symlink_directories": null,
            "excludes": null,
            "id": "0c8075593e3b64cbc193c2395bd48aa4c543ba29",
            "output_base64sha256": "BmMNnq4+l46vth6CHxw/cCJskLmeWX0xyQsX2VjkffQ=",
            "output_base64sha512": "mMaXuje5cygpuCQEz2FLUYyf2RHh4x4cR5QBmyfxxwRovVEZmmlptwKr2/Zl6/GfbQI2a8VN6p9rVtl/asBhFQ==",
            "output_file_mode": null,
            "output_md5": "acb8a4c0f0e99bad1e6f7d15ea19851b",
            "output_path": "./.build/list_tasks.zip",
            "output_sha": "0c8075593e3b64cbc193c2395bd48aa4c543ba29",
            "output_sha256": "06630d9eae3e978eafb61e821f1c3f70226c90b99e597d31c90b17d958e47df4",
            "output_sha512": "98c697ba37b9732829b82404cf614b518c9fd911e1e31e1c4794019b27f1c70468bd51199a6969b702abdbf665ebf19f6d02366bc54dea9f6b56d97f6ac06115",
            "output_size": 1672,
            "source": [],
            "source_content": null,
            "source_content_filename": null,
            "source_dir": "./dist/list_tasks",
            "source_file": null,
            "type": "zip"
          },
          "sensitive_attributes": [],
          "identity_schema_version": 0
        }
      ]
    },
    {
      "mode": "data",
      "type": "archive_file",
      "name": "process_task",
      "provider": "provider[\"registry.terraform.io/hashicorp/archive\"]",
      "instances": [
        {
          "schema_version": 0,
          "attributes": {
            "exclude_symlink_directories": null,
            "excludes": null,
            "id": "aed5054d85c5518324a8b28f50425b01a877c73c",
            "output_base64sha256": "I9nvmGboneGU+au2g4SuBjxkCo+225hxoeg2iLUuAY0=",
            "output_base64sha512": "MVSwTFxJf2RWIrSaD+qzQVnibTmpWqEPLn1wYk1mJ1FNbHXvWvYzbMOoovsZBDkyOlGnFC75BaFNEifX4F3FMA==",
            "output_file_mode": null,
            "output_md5": "02f76daec1f08783e59f403982796126",
            "output_path": "./.build/process_task.zip",
            "output_sha": "aed5054d85c5518324a8b28f50425b01a877c73c",
            "output_sha256": "23d9ef9866e89de194f9abb68384ae063c640a8fb6db9871a1e83688b52e018d",
            "output_sha512": "3154b04c5c497f645622b49a0feab34159e26d39a95aa10f2e7d70624d6627514d6c75ef5af6336cc3a8a2fb190439323a51a7142ef905a14d1227d7e05dc530",
            "output_size": 79005,
            "source": [],
            "source_content": null,
            "source_content_filename": null,
            "source_dir": "./dist/process_task",
            "source_file": null,
            "type": "zip"
          },
          "sensitive_attributes": [],
          "identity_schema_version": 0
        }
      ]
    },
    {
      "mode": "data",
      "type": "archive_file",
      "name": "validate_task",
      "provider": "provider[\"registry.terraform.io/hashicorp/archive\"]",
      "instances": [
        {
          "schema_version": 0,
          "attributes": {
            "exclude_symlink_directories": null,
            "excludes": null,
            "id": "61af2adfc480496ad788272136205e58c8508ecf",
            "output_base64sha256": "Er/AP/FyCArwN7WHne968NwoJE7qDlMHA4D98VMksX0=",
            "output_base64sha512": "CsfYca9kb3A8B0rEzKH2g3FJH3OjuTL3W00UJUcRo4L96WyWkCp1nAnqqSg12z34/Se22pzqDz9ckHc5OErVGg==",
            "output_file_mode": null,
            "output_md5": "9feb32ac0aecbafa38f0508fa0730fae",
            "output_path": "./.build/validate_task.zip",
            "output_sha": "61af2adfc480496ad788272136205e58c8508ecf",
            "output_sha256": "12bfc03ff172080af037b5879def7af0dc28244eea0e53070380fdf15324b17d",
            "output_sha512": "0ac7d871af646f703c074ac4cca1f68371491f73a3b932f75b4d14254711a382fde96c96902a759c09eaa92835db3df8fd27b6da9cea0f3f5c907739384ad51a",
            "output_size": 78521,
            "source": [],
            "source_content": null,
            "source_content_filename": null,
            "source_dir": "./dist/validate_task",
            "source_file": null,
            "type": "zip"
          },
          "sensitive_attributes": [],
          "identity_schema_version": 0
        }
      ]
    },
    {
      "mode": "data",
      "type": "aws_caller_identity",
      "name": "current",
      "provider": "provider[\"registry.terraform.io/hashicorp/aws\"]",
      "instances": [
        {
          "schema_version": 0,
          "attributes": {
            "account_id": "105299591393",
            "arn": "arn:aws:iam::105299591393:user/admin",
            "id": "105299591393",
            "user_id": "AIDARRBCYIDQ4IDDF7IVM"
          },
          "sensitive_attributes": [],
          "identity_schema_version": 0
        }
      ]
    },
    {
      "mode": "data",
      "type": "aws_iam_policy_document",
      "name": "fail_task_dynamo",
      "provider": "provider[\"registry.terraform.io/hashicorp/aws\"]",
      "instances": [
        {
          "schema_version": 0,
          "attributes": {
            "id": "3487623555",
            "json": "{\n  \"Version\": \"2012-10-17\",\n  \"Statement\": [\n    {\n      \"Sid\": \"FailTasks\",\n      \"Effect\": \"Allow\",\n      \"Action\": [\n        \"dynamodb:UpdateItem\",\n        \"dynamodb:GetItem\"\n      ],\n      \"Resource\": \"arn:aws:dynamodb:us-east-2:105299591393:table/async-task-processor-dev-tasks\"\n    }\n  ]\n}",
            "minified_json": "{\"Version\":\"2012-10-17\",\"Statement\":[{\"Sid\":\"FailTasks\",\"Effect\":\"Allow\",\"Action\":[\"dynamodb:UpdateItem\",\"dynamodb:GetItem\"],\"Resource\":\"arn:aws:dynamodb:us-east-2:105299591393:table/async-task-processor-dev-tasks\"}]}",
            "override_json": null,
            "override_policy_documents": null,
            "policy_id": null,
            "source_json": null,
            "source_policy_documents": null,
            "statement": [
              {
                "actions": [
                  "dynamodb:GetItem",
                  "dynamodb:UpdateItem"
                ],
                "condition": [],
                "effect": "Allow",
                "not_actions": [],
                "not_principals": [],
                "not_resources": [],
                "principals": [],
                "resources": [
                  "arn:aws:dynamodb:us-east-2:105299591393:table/async-task-processor-dev-tasks"
                ],
                "sid": "FailTasks"
              }
            ],
            "version": "2012-10-17"
          },
          "sensitive_attributes": [],
          "identity_schema_version": 0
        }
      ]
    },
    {
      "mode": "data",
      "type": "aws_iam_policy_document",
      "name": "github_oidc_trust",
      "provider": "provider[\"registry.terraform.io/hashicorp/aws\"]",
      "instances": [
        {
          "index_key": 0,
          "schema_version": 0,
          "attributes": {
            "id": "18257625",
            "json": "{\n  \"Version\": \"2012-10-17\",\n  \"Statement\": [\n    {\n      \"Effect\": \"Allow\",\n      \"Action\": \"sts:AssumeRoleWithWebIdentity\",\n      \"Principal\": {\n        \"Federated\": \"arn:aws:iam::105299591393:oidc-provider/token.actions.githubusercontent.com\"\n      },\n      \"Condition\": {\n        \"StringEquals\": {\n          \"token.actions.githubusercontent.com:aud\": \"sts.amazonaws.com\"\n        },\n        \"StringLike\": {\n          \"token.actions.githubusercontent.com:sub\": [\n            \"repo:elshadaghazade/async-task-processor:ref:refs/heads/main\",\n            \"repo:elshadaghazade/async-task-processor:ref:refs/heads/master\",\n            \"repo:elshadaghazade/async-task-processor:pull_request\"\n          ]\n        }\n      }\n    }\n  ]\n}",
            "minified_json": "{\"Version\":\"2012-10-17\",\"Statement\":[{\"Effect\":\"Allow\",\"Action\":\"sts:AssumeRoleWithWebIdentity\",\"Principal\":{\"Federated\":\"arn:aws:iam::105299591393:oidc-provider/token.actions.githubusercontent.com\"},\"Condition\":{\"StringEquals\":{\"token.actions.githubusercontent.com:aud\":\"sts.amazonaws.com\"},\"StringLike\":{\"token.actions.githubusercontent.com:sub\":[\"repo:elshadaghazade/async-task-processor:ref:refs/heads/main\",\"repo:elshadaghazade/async-task-processor:ref:refs/heads/master\",\"repo:elshadaghazade/async-task-processor:pull_request\"]}}}]}",
            "override_json": null,
            "override_policy_documents": null,
            "policy_id": null,
            "source_json": null,
            "source_policy_documents": null,
            "statement": [
              {
                "actions": [
                  "sts:AssumeRoleWithWebIdentity"
                ],
                "condition": [
                  {
                    "test": "StringEquals",
                    "values": [
                      "sts.amazonaws.com"
                    ],
                    "variable": "token.actions.githubusercontent.com:aud"
                  },
                  {
                    "test": "StringLike",
                    "values": [
                      "repo:elshadaghazade/async-task-processor:ref:refs/heads/main",
                      "repo:elshadaghazade/async-task-processor:ref:refs/heads/master",
                      "repo:elshadaghazade/async-task-processor:pull_request"
                    ],
                    "variable": "token.actions.githubusercontent.com:sub"
                  }
                ],
                "effect": "Allow",
                "not_actions": [],
                "not_principals": [],
                "not_resources": [],
                "principals": [
                  {
                    "identifiers": [
                      "arn:aws:iam::105299591393:oidc-provider/token.actions.githubusercontent.com"
                    ],
                    "type": "Federated"
                  }
                ],
                "resources": [],
                "sid": ""
              }
            ],
            "version": "2012-10-17"
          },
          "sensitive_attributes": [],
          "identity_schema_version": 0
        }
      ]
    },
    {
      "mode": "data",
      "type": "aws_iam_policy_document",
      "name": "lambda_trust",
      "provider": "provider[\"registry.terraform.io/hashicorp/aws\"]",
      "instances": [
        {
          "schema_version": 0,
          "attributes": {
            "id": "2690255455",
            "json": "{\n  \"Version\": \"2012-10-17\",\n  \"Statement\": [\n    {\n      \"Effect\": \"Allow\",\n      \"Action\": \"sts:AssumeRole\",\n      \"Principal\": {\n        \"Service\": \"lambda.amazonaws.com\"\n      }\n    }\n  ]\n}",
            "minified_json": "{\"Version\":\"2012-10-17\",\"Statement\":[{\"Effect\":\"Allow\",\"Action\":\"sts:AssumeRole\",\"Principal\":{\"Service\":\"lambda.amazonaws.com\"}}]}",
            "override_json": null,
            "override_policy_documents": null,
            "policy_id": null,
            "source_json": null,
            "source_policy_documents": null,
            "statement": [
              {
                "actions": [
                  "sts:AssumeRole"
                ],
                "condition": [],
                "effect": "Allow",
                "not_actions": [],
                "not_principals": [],
                "not_resources": [],
                "principals": [
                  {
                    "identifiers": [
                      "lambda.amazonaws.com"
                    ],
                    "type": "Service"
                  }
                ],
                "resources": [],
                "sid": ""
              }
            ],
            "version": "2012-10-17"
          },
          "sensitive_attributes": [],
          "identity_schema_version": 0
        }
      ]
    },
    {
      "mode": "data",
      "type": "aws_iam_policy_document",
      "name": "process_task_dynamo",
      "provider": "provider[\"registry.terraform.io/hashicorp/aws\"]",
      "instances": [
        {
          "schema_version": 0,
          "attributes": {
            "id": "4271902735",
            "json": "{\n  \"Version\": \"2012-10-17\",\n  \"Statement\": [\n    {\n      \"Sid\": \"UpdateTasks\",\n      \"Effect\": \"Allow\",\n      \"Action\": [\n        \"dynamodb:UpdateItem\",\n        \"dynamodb:GetItem\"\n      ],\n      \"Resource\": \"arn:aws:dynamodb:us-east-2:105299591393:table/async-task-processor-dev-tasks\"\n    }\n  ]\n}",
            "minified_json": "{\"Version\":\"2012-10-17\",\"Statement\":[{\"Sid\":\"UpdateTasks\",\"Effect\":\"Allow\",\"Action\":[\"dynamodb:UpdateItem\",\"dynamodb:GetItem\"],\"Resource\":\"arn:aws:dynamodb:us-east-2:105299591393:table/async-task-processor-dev-tasks\"}]}",
            "override_json": null,
            "override_policy_documents": null,
            "policy_id": null,
            "source_json": null,
            "source_policy_documents": null,
            "statement": [
              {
                "actions": [
                  "dynamodb:GetItem",
                  "dynamodb:UpdateItem"
                ],
                "condition": [],
                "effect": "Allow",
                "not_actions": [],
                "not_principals": [],
                "not_resources": [],
                "principals": [],
                "resources": [
                  "arn:aws:dynamodb:us-east-2:105299591393:table/async-task-processor-dev-tasks"
                ],
                "sid": "UpdateTasks"
              }
            ],
            "version": "2012-10-17"
          },
          "sensitive_attributes": [],
          "identity_schema_version": 0
        }
      ]
    },
    {
      "mode": "data",
      "type": "aws_iam_policy_document",
      "name": "sfn_perms",
      "provider": "provider[\"registry.terraform.io/hashicorp/aws\"]",
      "instances": [
        {
          "schema_version": 0,
          "attributes": {
            "id": "1685533512",
            "json": "{\n  \"Version\": \"2012-10-17\",\n  \"Statement\": [\n    {\n      \"Sid\": \"InvokeLambdas\",\n      \"Effect\": \"Allow\",\n      \"Action\": \"lambda:InvokeFunction\",\n      \"Resource\": [\n        \"arn:aws:lambda:us-east-2:105299591393:function:async-task-processor-dev-validate-task:*\",\n        \"arn:aws:lambda:us-east-2:105299591393:function:async-task-processor-dev-validate-task\",\n        \"arn:aws:lambda:us-east-2:105299591393:function:async-task-processor-dev-process-task:*\",\n        \"arn:aws:lambda:us-east-2:105299591393:function:async-task-processor-dev-process-task\"\n      ]\n    },\n    {\n      \"Sid\": \"WriteExecutionLogs\",\n      \"Effect\": \"Allow\",\n      \"Action\": [\n        \"logs:UpdateLogDelivery\",\n        \"logs:PutResourcePolicy\",\n        \"logs:ListLogDeliveries\",\n        \"logs:GetLogDelivery\",\n        \"logs:DescribeResourcePolicies\",\n        \"logs:DescribeLogGroups\",\n        \"logs:DeleteLogDelivery\",\n        \"logs:CreateLogDelivery\"\n      ],\n      \"Resource\": \"*\"\n    }\n  ]\n}",
            "minified_json": "{\"Version\":\"2012-10-17\",\"Statement\":[{\"Sid\":\"InvokeLambdas\",\"Effect\":\"Allow\",\"Action\":\"lambda:InvokeFunction\",\"Resource\":[\"arn:aws:lambda:us-east-2:105299591393:function:async-task-processor-dev-validate-task:*\",\"arn:aws:lambda:us-east-2:105299591393:function:async-task-processor-dev-validate-task\",\"arn:aws:lambda:us-east-2:105299591393:function:async-task-processor-dev-process-task:*\",\"arn:aws:lambda:us-east-2:105299591393:function:async-task-processor-dev-process-task\"]},{\"Sid\":\"WriteExecutionLogs\",\"Effect\":\"Allow\",\"Action\":[\"logs:UpdateLogDelivery\",\"logs:PutResourcePolicy\",\"logs:ListLogDeliveries\",\"logs:GetLogDelivery\",\"logs:DescribeResourcePolicies\",\"logs:DescribeLogGroups\",\"logs:DeleteLogDelivery\",\"logs:CreateLogDelivery\"],\"Resource\":\"*\"}]}",
            "override_json": null,
            "override_policy_documents": null,
            "policy_id": null,
            "source_json": null,
            "source_policy_documents": null,
            "statement": [
              {
                "actions": [
                  "lambda:InvokeFunction"
                ],
                "condition": [],
                "effect": "Allow",
                "not_actions": [],
                "not_principals": [],
                "not_resources": [],
                "principals": [],
                "resources": [
                  "arn:aws:lambda:us-east-2:105299591393:function:async-task-processor-dev-process-task",
                  "arn:aws:lambda:us-east-2:105299591393:function:async-task-processor-dev-process-task:*",
                  "arn:aws:lambda:us-east-2:105299591393:function:async-task-processor-dev-validate-task",
                  "arn:aws:lambda:us-east-2:105299591393:function:async-task-processor-dev-validate-task:*"
                ],
                "sid": "InvokeLambdas"
              },
              {
                "actions": [
                  "logs:CreateLogDelivery",
                  "logs:DeleteLogDelivery",
                  "logs:DescribeLogGroups",
                  "logs:DescribeResourcePolicies",
                  "logs:GetLogDelivery",
                  "logs:ListLogDeliveries",
                  "logs:PutResourcePolicy",
                  "logs:UpdateLogDelivery"
                ],
                "condition": [],
                "effect": "Allow",
                "not_actions": [],
                "not_principals": [],
                "not_resources": [],
                "principals": [],
                "resources": [
                  "*"
                ],
                "sid": "WriteExecutionLogs"
              }
            ],
            "version": "2012-10-17"
          },
          "sensitive_attributes": [],
          "identity_schema_version": 0
        }
      ]
    },
    {
      "mode": "data",
      "type": "aws_iam_policy_document",
      "name": "sfn_trust",
      "provider": "provider[\"registry.terraform.io/hashicorp/aws\"]",
      "instances": [
        {
          "schema_version": 0,
          "attributes": {
            "id": "4264026975",
            "json": "{\n  \"Version\": \"2012-10-17\",\n  \"Statement\": [\n    {\n      \"Effect\": \"Allow\",\n      \"Action\": \"sts:AssumeRole\",\n      \"Principal\": {\n        \"Service\": \"states.amazonaws.com\"\n      },\n      \"Condition\": {\n        \"StringEquals\": {\n          \"aws:SourceAccount\": \"105299591393\"\n        }\n      }\n    }\n  ]\n}",
            "minified_json": "{\"Version\":\"2012-10-17\",\"Statement\":[{\"Effect\":\"Allow\",\"Action\":\"sts:AssumeRole\",\"Principal\":{\"Service\":\"states.amazonaws.com\"},\"Condition\":{\"StringEquals\":{\"aws:SourceAccount\":\"105299591393\"}}}]}",
            "override_json": null,
            "override_policy_documents": null,
            "policy_id": null,
            "source_json": null,
            "source_policy_documents": null,
            "statement": [
              {
                "actions": [
                  "sts:AssumeRole"
                ],
                "condition": [
                  {
                    "test": "StringEquals",
                    "values": [
                      "105299591393"
                    ],
                    "variable": "aws:SourceAccount"
                  }
                ],
                "effect": "Allow",
                "not_actions": [],
                "not_principals": [],
                "not_resources": [],
                "principals": [
                  {
                    "identifiers": [
                      "states.amazonaws.com"
                    ],
                    "type": "Service"
                  }
                ],
                "resources": [],
                "sid": ""
              }
            ],
            "version": "2012-10-17"
          },
          "sensitive_attributes": [],
          "identity_schema_version": 0
        }
      ]
    },
    {
      "mode": "data",
      "type": "aws_iam_policy_document",
      "name": "validate_task_dynamo",
      "provider": "provider[\"registry.terraform.io/hashicorp/aws\"]",
      "instances": [
        {
          "schema_version": 0,
          "attributes": {
            "id": "411631905",
            "json": "{\n  \"Version\": \"2012-10-17\",\n  \"Statement\": [\n    {\n      \"Sid\": \"WriteTasks\",\n      \"Effect\": \"Allow\",\n      \"Action\": [\n        \"dynamodb:PutItem\",\n        \"dynamodb:GetItem\"\n      ],\n      \"Resource\": \"arn:aws:dynamodb:us-east-2:105299591393:table/async-task-processor-dev-tasks\"\n    }\n  ]\n}",
            "minified_json": "{\"Version\":\"2012-10-17\",\"Statement\":[{\"Sid\":\"WriteTasks\",\"Effect\":\"Allow\",\"Action\":[\"dynamodb:PutItem\",\"dynamodb:GetItem\"],\"Resource\":\"arn:aws:dynamodb:us-east-2:105299591393:table/async-task-processor-dev-tasks\"}]}",
            "override_json": null,
            "override_policy_documents": null,
            "policy_id": null,
            "source_json": null,
            "source_policy_documents": null,
            "statement": [
              {
                "actions": [
                  "dynamodb:GetItem",
                  "dynamodb:PutItem"
                ],
                "condition": [],
                "effect": "Allow",
                "not_actions": [],
                "not_principals": [],
                "not_resources": [],
                "principals": [],
                "resources": [
                  "arn:aws:dynamodb:us-east-2:105299591393:table/async-task-processor-dev-tasks"
                ],
                "sid": "WriteTasks"
              }
            ],
            "version": "2012-10-17"
          },
          "sensitive_attributes": [],
          "identity_schema_version": 0
        }
      ]
    },
    {
      "mode": "data",
      "type": "aws_region",
      "name": "current",
      "provider": "provider[\"registry.terraform.io/hashicorp/aws\"]",
      "instances": [
        {
          "schema_version": 0,
          "attributes": {
            "description": "US East (Ohio)",
            "endpoint": "ec2.us-east-2.amazonaws.com",
            "id": "us-east-2",
            "name": "us-east-2"
          },
          "sensitive_attributes": [],
          "identity_schema_version": 0
        }
      ]
    },
    {
      "mode": "managed",
      "type": "aws_apigatewayv2_api",
      "name": "tasks",
      "provider": "provider[\"registry.terraform.io/hashicorp/aws\"]",
      "instances": [
        {
          "schema_version": 0,
          "attributes": {
            "api_endpoint": "https://84g06eird9.execute-api.us-east-2.amazonaws.com",
            "api_key_selection_expression": "$request.header.x-api-key",
            "arn": "arn:aws:apigateway:us-east-2::/apis/84g06eird9",
            "body": null,
            "cors_configuration": [
              {
                "allow_credentials": false,
                "allow_headers": [
                  "authorization",
                  "content-type"
                ],
                "allow_methods": [
                  "GET",
                  "OPTIONS",
                  "POST"
                ],
                "allow_origins": [
                  "*"
                ],
                "expose_headers": [],
                "max_age": 0
              }
            ],
            "credentials_arn": null,
            "description": "",
            "disable_execute_api_endpoint": false,
            "execution_arn": "arn:aws:execute-api:us-east-2:105299591393:84g06eird9",
            "fail_on_warnings": null,
            "id": "84g06eird9",
            "ip_address_type": "ipv4",
            "name": "async-task-processor-dev-api",
            "protocol_type": "HTTP",
            "route_key": null,
            "route_selection_expression": "$request.method $request.path",
            "tags": {},
            "tags_all": {
              "Environment": "dev",
              "ManagedBy": "terraform",
              "Project": "async-task-processor"
            },
            "target": null,
            "version": ""
          },
          "sensitive_attributes": [],
          "identity_schema_version": 0,
          "private": "bnVsbA=="
        }
      ]
    },
    {
      "mode": "managed",
      "type": "aws_apigatewayv2_integration",
      "name": "get_task",
      "provider": "provider[\"registry.terraform.io/hashicorp/aws\"]",
      "instances": [
        {
          "schema_version": 0,
          "attributes": {
            "api_id": "84g06eird9",
            "connection_id": "",
            "connection_type": "INTERNET",
            "content_handling_strategy": "",
            "credentials_arn": "",
            "description": "",
            "id": "0l40khm",
            "integration_method": "POST",
            "integration_response_selection_expression": "",
            "integration_subtype": "",
            "integration_type": "AWS_PROXY",
            "integration_uri": "arn:aws:apigateway:us-east-2:lambda:path/2015-03-31/functions/arn:aws:lambda:us-east-2:105299591393:function:async-task-processor-dev-get-task/invocations",
            "passthrough_behavior": "",
            "payload_format_version": "2.0",
            "request_parameters": {},
            "request_templates": {},
            "response_parameters": [],
            "template_selection_expression": "",
            "timeout_milliseconds": 30000,
            "tls_config": []
          },
          "sensitive_attributes": [],
          "identity_schema_version": 0,
          "private": "bnVsbA==",
          "dependencies": [
            "aws_apigatewayv2_api.tasks",
            "aws_cloudwatch_log_group.get_task",
            "aws_dynamodb_table.tasks",
            "aws_iam_role.get_task",
            "aws_lambda_function.get_task",
            "data.archive_file.get_task",
            "data.aws_iam_policy_document.lambda_trust"
          ]
        }
      ]
    },
    {
      "mode": "managed",
      "type": "aws_apigatewayv2_integration",
      "name": "list_tasks",
      "provider": "provider[\"registry.terraform.io/hashicorp/aws\"]",
      "instances": [
        {
          "schema_version": 0,
          "attributes": {
            "api_id": "84g06eird9",
            "connection_id": "",
            "connection_type": "INTERNET",
            "content_handling_strategy": "",
            "credentials_arn": "",
            "description": "",
            "id": "ygdxyqj",
            "integration_method": "POST",
            "integration_response_selection_expression": "",
            "integration_subtype": "",
            "integration_type": "AWS_PROXY",
            "integration_uri": "arn:aws:apigateway:us-east-2:lambda:path/2015-03-31/functions/arn:aws:lambda:us-east-2:105299591393:function:async-task-processor-dev-list-tasks/invocations",
            "passthrough_behavior": "",
            "payload_format_version": "2.0",
            "request_parameters": {},
            "request_templates": {},
            "response_parameters": [],
            "template_selection_expression": "",
            "timeout_milliseconds": 30000,
            "tls_config": []
          },
          "sensitive_attributes": [],
          "identity_schema_version": 0,
          "private": "bnVsbA==",
          "dependencies": [
            "aws_apigatewayv2_api.tasks",
            "aws_cloudwatch_log_group.list_tasks",
            "aws_dynamodb_table.tasks",
            "aws_iam_role.list_tasks",
            "aws_lambda_function.list_tasks",
            "data.archive_file.list_tasks",
            "data.aws_iam_policy_document.lambda_trust"
          ]
        }
      ]
    },
    {
      "mode": "managed",
      "type": "aws_apigatewayv2_integration",
      "name": "start_task",
      "provider": "provider[\"registry.terraform.io/hashicorp/aws\"]",
      "instances": [
        {
          "schema_version": 0,
          "attributes": {
            "api_id": "84g06eird9",
            "connection_id": "",
            "connection_type": "INTERNET",
            "content_handling_strategy": "",
            "credentials_arn": "arn:aws:iam::105299591393:role/async-task-processor-dev-apigw-sfn-role",
            "description": "",
            "id": "lhvuel2",
            "integration_method": "",
            "integration_response_selection_expression": "",
            "integration_subtype": "StepFunctions-StartExecution",
            "integration_type": "AWS_PROXY",
            "integration_uri": "",
            "passthrough_behavior": "",
            "payload_format_version": "1.0",
            "request_parameters": {
              "Input": "$request.body",
              "Name": "create-task-$context.requestId",
              "StateMachineArn": "arn:aws:states:us-east-2:105299591393:stateMachine:async-task-processor-dev-task-workflow"
            },
            "request_templates": {},
            "response_parameters": [],
            "template_selection_expression": "",
            "timeout_milliseconds": 30000,
            "tls_config": []
          },
          "sensitive_attributes": [],
          "identity_schema_version": 0,
          "private": "bnVsbA==",
          "dependencies": [
            "aws_apigatewayv2_api.tasks",
            "aws_cloudwatch_log_group.fail_task",
            "aws_cloudwatch_log_group.process_task",
            "aws_cloudwatch_log_group.sfn_logs",
            "aws_cloudwatch_log_group.validate_task",
            "aws_dynamodb_table.tasks",
            "aws_iam_role.apigw_sfn",
            "aws_iam_role.fail_task",
            "aws_iam_role.process_task",
            "aws_iam_role.sfn_exec",
            "aws_iam_role.validate_task",
            "aws_lambda_function.fail_task",
            "aws_lambda_function.process_task",
            "aws_lambda_function.validate_task",
            "aws_sfn_state_machine.task_workflow",
            "data.archive_file.fail_task",
            "data.archive_file.process_task",
            "data.archive_file.validate_task",
            "data.aws_caller_identity.current",
            "data.aws_iam_policy_document.lambda_trust",
            "data.aws_iam_policy_document.sfn_trust"
          ]
        }
      ]
    },
    {
      "mode": "managed",
      "type": "aws_apigatewayv2_route",
      "name": "get_task",
      "provider": "provider[\"registry.terraform.io/hashicorp/aws\"]",
      "instances": [
        {
          "schema_version": 0,
          "attributes": {
            "api_id": "84g06eird9",
            "api_key_required": false,
            "authorization_scopes": [],
            "authorization_type": "NONE",
            "authorizer_id": "",
            "id": "vkfakpl",
            "model_selection_expression": "",
            "operation_name": "",
            "request_models": {},
            "request_parameter": [],
            "route_key": "GET /tasks/{task_id}",
            "route_response_selection_expression": "",
            "target": "integrations/0l40khm"
          },
          "sensitive_attributes": [],
          "identity_schema_version": 0,
          "private": "bnVsbA==",
          "dependencies": [
            "aws_apigatewayv2_api.tasks",
            "aws_apigatewayv2_integration.get_task",
            "aws_cloudwatch_log_group.get_task",
            "aws_dynamodb_table.tasks",
            "aws_iam_role.get_task",
            "aws_lambda_function.get_task",
            "data.archive_file.get_task",
            "data.aws_iam_policy_document.lambda_trust"
          ]
        }
      ]
    },
    {
      "mode": "managed",
      "type": "aws_apigatewayv2_route",
      "name": "list_tasks",
      "provider": "provider[\"registry.terraform.io/hashicorp/aws\"]",
      "instances": [
        {
          "schema_version": 0,
          "attributes": {
            "api_id": "84g06eird9",
            "api_key_required": false,
            "authorization_scopes": [],
            "authorization_type": "NONE",
            "authorizer_id": "",
            "id": "o101vc4",
            "model_selection_expression": "",
            "operation_name": "",
            "request_models": {},
            "request_parameter": [],
            "route_key": "GET /tasks",
            "route_response_selection_expression": "",
            "target": "integrations/ygdxyqj"
          },
          "sensitive_attributes": [],
          "identity_schema_version": 0,
          "private": "bnVsbA==",
          "dependencies": [
            "aws_apigatewayv2_api.tasks",
            "aws_apigatewayv2_integration.list_tasks",
            "aws_cloudwatch_log_group.list_tasks",
            "aws_dynamodb_table.tasks",
            "aws_iam_role.list_tasks",
            "aws_lambda_function.list_tasks",
            "data.archive_file.list_tasks",
            "data.aws_iam_policy_document.lambda_trust"
          ]
        }
      ]
    },
    {
      "mode": "managed",
      "type": "aws_apigatewayv2_route",
      "name": "post_tasks",
      "provider": "provider[\"registry.terraform.io/hashicorp/aws\"]",
      "instances": [
        {
          "schema_version": 0,
          "attributes": {
            "api_id": "84g06eird9",
            "api_key_required": false,
            "authorization_scopes": [],
            "authorization_type": "NONE",
            "authorizer_id": "",
            "id": "bq8dyjn",
            "model_selection_expression": "",
            "operation_name": "",
            "request_models": {},
            "request_parameter": [],
            "route_key": "POST /tasks",
            "route_response_selection_expression": "",
            "target": "integrations/lhvuel2"
          },
          "sensitive_attributes": [],
          "identity_schema_version": 0,
          "private": "bnVsbA==",
          "dependencies": [
            "aws_apigatewayv2_api.tasks",
            "aws_apigatewayv2_integration.start_task",
            "aws_cloudwatch_log_group.fail_task",
            "aws_cloudwatch_log_group.process_task",
            "aws_cloudwatch_log_group.sfn_logs",
            "aws_cloudwatch_log_group.validate_task",
            "aws_dynamodb_table.tasks",
            "aws_iam_role.apigw_sfn",
            "aws_iam_role.fail_task",
            "aws_iam_role.process_task",
            "aws_iam_role.sfn_exec",
            "aws_iam_role.validate_task",
            "aws_lambda_function.fail_task",
            "aws_lambda_function.process_task",
            "aws_lambda_function.validate_task",
            "aws_sfn_state_machine.task_workflow",
            "data.archive_file.fail_task",
            "data.archive_file.process_task",
            "data.archive_file.validate_task",
            "data.aws_caller_identity.current",
            "data.aws_iam_policy_document.lambda_trust",
            "data.aws_iam_policy_document.sfn_trust"
          ]
        }
      ]
    },
    {
      "mode": "managed",
      "type": "aws_apigatewayv2_stage",
      "name": "default",
      "provider": "provider[\"registry.terraform.io/hashicorp/aws\"]",
      "instances": [
        {
          "schema_version": 0,
          "attributes": {
            "access_log_settings": [
              {
                "destination_arn": "arn:aws:logs:us-east-2:105299591393:log-group:/aws/apigateway/async-task-processor-dev-api",
                "format": "{\"errorMessage\":\"$context.error.message\",\"httpMethod\":\"$context.httpMethod\",\"ip\":\"$context.identity.sourceIp\",\"requestId\":\"$context.requestId\",\"responseLength\":\"$context.responseLength\",\"routeKey\":\"$context.routeKey\",\"status\":\"$context.status\"}"
              }
            ],
            "api_id": "84g06eird9",
            "arn": "arn:aws:apigateway:us-east-2::/apis/84g06eird9/stages/$default",
            "auto_deploy": true,
            "client_certificate_id": "",
            "default_route_settings": [
              {
                "data_trace_enabled": false,
                "detailed_metrics_enabled": false,
                "logging_level": "",
                "throttling_burst_limit": 0,
                "throttling_rate_limit": 0
              }
            ],
            "deployment_id": "fzcw8z",
            "description": "",
            "execution_arn": "arn:aws:execute-api:us-east-2:105299591393:84g06eird9/$default",
            "id": "$default",
            "invoke_url": "https://84g06eird9.execute-api.us-east-2.amazonaws.com/",
            "name": "$default",
            "route_settings": [],
            "stage_variables": {},
            "tags": {},
            "tags_all": {
              "Environment": "dev",
              "ManagedBy": "terraform",
              "Project": "async-task-processor"
            }
          },
          "sensitive_attributes": [],
          "identity_schema_version": 0,
          "private": "bnVsbA==",
          "dependencies": [
            "aws_apigatewayv2_api.tasks",
            "aws_cloudwatch_log_group.apigw"
          ]
        }
      ]
    },
    {
      "mode": "managed",
      "type": "aws_cloudwatch_log_group",
      "name": "apigw",
      "provider": "provider[\"registry.terraform.io/hashicorp/aws\"]",
      "instances": [
        {
          "schema_version": 0,
          "attributes": {
            "arn": "arn:aws:logs:us-east-2:105299591393:log-group:/aws/apigateway/async-task-processor-dev-api",
            "id": "/aws/apigateway/async-task-processor-dev-api",
            "kms_key_id": "",
            "log_group_class": "STANDARD",
            "name": "/aws/apigateway/async-task-processor-dev-api",
            "name_prefix": "",
            "retention_in_days": 30,
            "skip_destroy": false,
            "tags": {},
            "tags_all": {
              "Environment": "dev",
              "ManagedBy": "terraform",
              "Project": "async-task-processor"
            }
          },
          "sensitive_attributes": [],
          "identity_schema_version": 0,
          "private": "bnVsbA=="
        }
      ]
    },
    {
      "mode": "managed",
      "type": "aws_cloudwatch_log_group",
      "name": "complete_task",
      "provider": "provider[\"registry.terraform.io/hashicorp/aws\"]",
      "instances": [
        {
          "schema_version": 0,
          "attributes": {
            "arn": "arn:aws:logs:us-east-2:105299591393:log-group:/aws/lambda/async-task-processor-dev-complete-task",
            "id": "/aws/lambda/async-task-processor-dev-complete-task",
            "kms_key_id": "",
            "log_group_class": "STANDARD",
            "name": "/aws/lambda/async-task-processor-dev-complete-task",
            "name_prefix": "",
            "retention_in_days": 30,
            "skip_destroy": false,
            "tags": {},
            "tags_all": {
              "Environment": "dev",
              "ManagedBy": "terraform",
              "Project": "async-task-processor"
            }
          },
          "sensitive_attributes": [],
          "identity_schema_version": 0,
          "private": "bnVsbA=="
        }
      ]
    },
    {
      "mode": "managed",
      "type": "aws_cloudwatch_log_group",
      "name": "fail_task",
      "provider": "provider[\"registry.terraform.io/hashicorp/aws\"]",
      "instances": [
        {
          "schema_version": 0,
          "attributes": {
            "arn": "arn:aws:logs:us-east-2:105299591393:log-group:/aws/lambda/async-task-processor-dev-fail-task",
            "id": "/aws/lambda/async-task-processor-dev-fail-task",
            "kms_key_id": "",
            "log_group_class": "STANDARD",
            "name": "/aws/lambda/async-task-processor-dev-fail-task",
            "name_prefix": "",
            "retention_in_days": 30,
            "skip_destroy": false,
            "tags": {},
            "tags_all": {
              "Environment": "dev",
              "ManagedBy": "terraform",
              "Project": "async-task-processor"
            }
          },
          "sensitive_attributes": [],
          "identity_schema_version": 0,
          "private": "bnVsbA=="
        }
      ]
    },
    {
      "mode": "managed",
      "type": "aws_cloudwatch_log_group",
      "name": "get_task",
      "provider": "provider[\"registry.terraform.io/hashicorp/aws\"]",
      "instances": [
        {
          "schema_version": 0,
          "attributes": {
            "arn": "arn:aws:logs:us-east-2:105299591393:log-group:/aws/lambda/async-task-processor-dev-get-task",
            "id": "/aws/lambda/async-task-processor-dev-get-task",
            "kms_key_id": "",
            "log_group_class": "STANDARD",
            "name": "/aws/lambda/async-task-processor-dev-get-task",
            "name_prefix": "",
            "retention_in_days": 30,
            "skip_destroy": false,
            "tags": {},
            "tags_all": {
              "Environment": "dev",
              "ManagedBy": "terraform",
              "Project": "async-task-processor"
            }
          },
          "sensitive_attributes": [],
          "identity_schema_version": 0,
          "private": "bnVsbA=="
        }
      ]
    },
    {
      "mode": "managed",
      "type": "aws_cloudwatch_log_group",
      "name": "list_tasks",
      "provider": "provider[\"registry.terraform.io/hashicorp/aws\"]",
      "instances": [
        {
          "schema_version": 0,
          "attributes": {
            "arn": "arn:aws:logs:us-east-2:105299591393:log-group:/aws/lambda/async-task-processor-dev-list-tasks",
            "id": "/aws/lambda/async-task-processor-dev-list-tasks",
            "kms_key_id": "",
            "log_group_class": "STANDARD",
            "name": "/aws/lambda/async-task-processor-dev-list-tasks",
            "name_prefix": "",
            "retention_in_days": 30,
            "skip_destroy": false,
            "tags": {},
            "tags_all": {
              "Environment": "dev",
              "ManagedBy": "terraform",
              "Project": "async-task-processor"
            }
          },
          "sensitive_attributes": [],
          "identity_schema_version": 0,
          "private": "bnVsbA=="
        }
      ]
    },
    {
      "mode": "managed",
      "type": "aws_cloudwatch_log_group",
      "name": "process_task",
      "provider": "provider[\"registry.terraform.io/hashicorp/aws\"]",
      "instances": [
        {
          "schema_version": 0,
          "attributes": {
            "arn": "arn:aws:logs:us-east-2:105299591393:log-group:/aws/lambda/async-task-processor-dev-process-task",
            "id": "/aws/lambda/async-task-processor-dev-process-task",
            "kms_key_id": "",
            "log_group_class": "STANDARD",
            "name": "/aws/lambda/async-task-processor-dev-process-task",
            "name_prefix": "",
            "retention_in_days": 30,
            "skip_destroy": false,
            "tags": {},
            "tags_all": {
              "Environment": "dev",
              "ManagedBy": "terraform",
              "Project": "async-task-processor"
            }
          },
          "sensitive_attributes": [],
          "identity_schema_version": 0,
          "private": "bnVsbA=="
        }
      ]
    },
    {
      "mode": "managed",
      "type": "aws_cloudwatch_log_group",
      "name": "sfn_logs",
      "provider": "provider[\"registry.terraform.io/hashicorp/aws\"]",
      "instances": [
        {
          "schema_version": 0,
          "attributes": {
            "arn": "arn:aws:logs:us-east-2:105299591393:log-group:/aws/states/async-task-processor-dev-task-workflow",
            "id": "/aws/states/async-task-processor-dev-task-workflow",
            "kms_key_id": "",
            "log_group_class": "STANDARD",
            "name": "/aws/states/async-task-processor-dev-task-workflow",
            "name_prefix": "",
            "retention_in_days": 30,
            "skip_destroy": false,
            "tags": {},
            "tags_all": {
              "Environment": "dev",
              "ManagedBy": "terraform",
              "Project": "async-task-processor"
            }
          },
          "sensitive_attributes": [],
          "identity_schema_version": 0,
          "private": "bnVsbA=="
        }
      ]
    },
    {
      "mode": "managed",
      "type": "aws_cloudwatch_log_group",
      "name": "validate_task",
      "provider": "provider[\"registry.terraform.io/hashicorp/aws\"]",
      "instances": [
        {
          "schema_version": 0,
          "attributes": {
            "arn": "arn:aws:logs:us-east-2:105299591393:log-group:/aws/lambda/async-task-processor-dev-validate-task",
            "id": "/aws/lambda/async-task-processor-dev-validate-task",
            "kms_key_id": "",
            "log_group_class": "STANDARD",
            "name": "/aws/lambda/async-task-processor-dev-validate-task",
            "name_prefix": "",
            "retention_in_days": 30,
            "skip_destroy": false,
            "tags": {},
            "tags_all": {
              "Environment": "dev",
              "ManagedBy": "terraform",
              "Project": "async-task-processor"
            }
          },
          "sensitive_attributes": [],
          "identity_schema_version": 0,
          "private": "bnVsbA=="
        }
      ]
    },
    {
      "mode": "managed",
      "type": "aws_dynamodb_table",
      "name": "tasks",
      "provider": "provider[\"registry.terraform.io/hashicorp/aws\"]",
      "instances": [
        {
          "schema_version": 1,
          "attributes": {
            "arn": "arn:aws:dynamodb:us-east-2:105299591393:table/async-task-processor-dev-tasks",
            "attribute": [
              {
                "name": "created_at",
                "type": "S"
              },
              {
                "name": "pk",
                "type": "S"
              },
              {
                "name": "sk",
                "type": "S"
              },
              {
                "name": "status",
                "type": "S"
              }
            ],
            "billing_mode": "PAY_PER_REQUEST",
            "deletion_protection_enabled": false,
            "global_secondary_index": [
              {
                "hash_key": "status",
                "name": "status-created-index",
                "non_key_attributes": [],
                "on_demand_throughput": [],
                "projection_type": "ALL",
                "range_key": "created_at",
                "read_capacity": 0,
                "write_capacity": 0
              }
            ],
            "hash_key": "pk",
            "id": "async-task-processor-dev-tasks",
            "import_table": [],
            "local_secondary_index": [],
            "name": "async-task-processor-dev-tasks",
            "on_demand_throughput": [],
            "point_in_time_recovery": [
              {
                "enabled": true,
                "recovery_period_in_days": 35
              }
            ],
            "range_key": "sk",
            "read_capacity": 0,
            "replica": [],
            "restore_date_time": null,
            "restore_source_name": null,
            "restore_source_table_arn": null,
            "restore_to_latest_time": null,
            "server_side_encryption": [],
            "stream_arn": "",
            "stream_enabled": false,
            "stream_label": "",
            "stream_view_type": "",
            "table_class": "STANDARD",
            "tags": {},
            "tags_all": {
              "Environment": "dev",
              "ManagedBy": "terraform",
              "Project": "async-task-processor"
            },
            "timeouts": null,
            "ttl": [
              {
                "attribute_name": "ttl",
                "enabled": true
              }
            ],
            "write_capacity": 0
          },
          "sensitive_attributes": [],
          "identity_schema_version": 0,
          "private": "eyJlMmJmYjczMC1lY2FhLTExZTYtOGY4OC0zNDM2M2JjN2M0YzAiOnsiY3JlYXRlIjoxODAwMDAwMDAwMDAwLCJkZWxldGUiOjYwMDAwMDAwMDAwMCwidXBkYXRlIjozNjAwMDAwMDAwMDAwfSwic2NoZW1hX3ZlcnNpb24iOiIxIn0="
        }
      ]
    },
    {
      "mode": "managed",
      "type": "aws_iam_openid_connect_provider",
      "name": "github",
      "provider": "provider[\"registry.terraform.io/hashicorp/aws\"]",
      "instances": [
        {
          "index_key": 0,
          "schema_version": 0,
          "attributes": {
            "arn": "arn:aws:iam::105299591393:oidc-provider/token.actions.githubusercontent.com",
            "client_id_list": [
              "sts.amazonaws.com"
            ],
            "id": "arn:aws:iam::105299591393:oidc-provider/token.actions.githubusercontent.com",
            "tags": {},
            "tags_all": {
              "Environment": "dev",
              "ManagedBy": "terraform",
              "Project": "async-task-processor"
            },
            "thumbprint_list": [
              "6938fd4d98bab03faadb97b34396831e3780aea1"
            ],
            "url": "token.actions.githubusercontent.com"
          },
          "sensitive_attributes": [],
          "identity_schema_version": 0,
          "private": "bnVsbA=="
        }
      ]
    },
    {
      "mode": "managed",
      "type": "aws_iam_role",
      "name": "apigw_sfn",
      "provider": "provider[\"registry.terraform.io/hashicorp/aws\"]",
      "instances": [
        {
          "schema_version": 0,
          "attributes": {
            "arn": "arn:aws:iam::105299591393:role/async-task-processor-dev-apigw-sfn-role",
            "assume_role_policy": "{\"Statement\":[{\"Action\":\"sts:AssumeRole\",\"Effect\":\"Allow\",\"Principal\":{\"Service\":\"apigateway.amazonaws.com\"}}],\"Version\":\"2012-10-17\"}",
            "create_date": "2026-04-13T09:05:18Z",
            "description": "",
            "force_detach_policies": false,
            "id": "async-task-processor-dev-apigw-sfn-role",
            "inline_policy": [
              {
                "name": "start-executions",
                "policy": "{\"Version\":\"2012-10-17\",\"Statement\":[{\"Action\":\"states:StartExecution\",\"Effect\":\"Allow\",\"Resource\":\"arn:aws:states:us-east-2:105299591393:stateMachine:async-task-processor-dev-task-workflow\"}]}"
              }
            ],
            "managed_policy_arns": [],
            "max_session_duration": 3600,
            "name": "async-task-processor-dev-apigw-sfn-role",
            "name_prefix": "",
            "path": "/",
            "permissions_boundary": "",
            "tags": {},
            "tags_all": {
              "Environment": "dev",
              "ManagedBy": "terraform",
              "Project": "async-task-processor"
            },
            "unique_id": "AROARRBCYIDQ4G32XXYWX"
          },
          "sensitive_attributes": [],
          "identity_schema_version": 0,
          "private": "bnVsbA=="
        }
      ]
    },
    {
      "mode": "managed",
      "type": "aws_iam_role",
      "name": "ci_deploy",
      "provider": "provider[\"registry.terraform.io/hashicorp/aws\"]",
      "instances": [
        {
          "index_key": 0,
          "schema_version": 0,
          "attributes": {
            "arn": "arn:aws:iam::105299591393:role/github-actions-deploy",
            "assume_role_policy": "{\"Statement\":[{\"Action\":\"sts:AssumeRoleWithWebIdentity\",\"Condition\":{\"StringEquals\":{\"token.actions.githubusercontent.com:aud\":\"sts.amazonaws.com\"},\"StringLike\":{\"token.actions.githubusercontent.com:sub\":[\"repo:elshadaghazade/async-task-processor:ref:refs/heads/main\",\"repo:elshadaghazade/async-task-processor:ref:refs/heads/master\",\"repo:elshadaghazade/async-task-processor:pull_request\"]}},\"Effect\":\"Allow\",\"Principal\":{\"Federated\":\"arn:aws:iam::105299591393:oidc-provider/token.actions.githubusercontent.com\"}}],\"Version\":\"2012-10-17\"}",
            "create_date": "2026-04-13T09:05:20Z",
            "description": "Assumed by GitHub Actions via OIDC - no long-lived keys needed",
            "force_detach_policies": false,
            "id": "github-actions-deploy",
            "inline_policy": [],
            "managed_policy_arns": [
              "arn:aws:iam::aws:policy/AdministratorAccess"
            ],
            "max_session_duration": 3600,
            "name": "github-actions-deploy",
            "name_prefix": "",
            "path": "/",
            "permissions_boundary": "",
            "tags": {},
            "tags_all": {
              "Environment": "dev",
              "ManagedBy": "terraform",
              "Project": "async-task-processor"
            },
            "unique_id": "AROARRBCYIDQ47MWGNT5O"
          },
          "sensitive_attributes": [],
          "identity_schema_version": 0,
          "private": "bnVsbA==",
          "dependencies": [
            "aws_iam_openid_connect_provider.github",
            "data.aws_iam_policy_document.github_oidc_trust"
          ]
        }
      ]
    },
    {
      "mode": "managed",
      "type": "aws_iam_role",
      "name": "fail_task",
      "provider": "provider[\"registry.terraform.io/hashicorp/aws\"]",
      "instances": [
        {
          "schema_version": 0,
          "attributes": {
            "arn": "arn:aws:iam::105299591393:role/async-task-processor-dev-fail-task-role",
            "assume_role_policy": "{\"Statement\":[{\"Action\":\"sts:AssumeRole\",\"Effect\":\"Allow\",\"Principal\":{\"Service\":\"lambda.amazonaws.com\"}}],\"Version\":\"2012-10-17\"}",
            "create_date": "2026-04-13T09:05:19Z",
            "description": "",
            "force_detach_policies": false,
            "id": "async-task-processor-dev-fail-task-role",
            "inline_policy": [
              {
                "name": "dynamo-update",
                "policy": "{\"Version\":\"2012-10-17\",\"Statement\":[{\"Action\":[\"dynamodb:UpdateItem\",\"dynamodb:GetItem\"],\"Effect\":\"Allow\",\"Resource\":\"arn:aws:dynamodb:us-east-2:105299591393:table/async-task-processor-dev-tasks\",\"Sid\":\"FailTasks\"}]}"
              }
            ],
            "managed_policy_arns": [
              "arn:aws:iam::aws:policy/service-role/AWSLambdaBasicExecutionRole"
            ],
            "max_session_duration": 3600,
            "name": "async-task-processor-dev-fail-task-role",
            "name_prefix": "",
            "path": "/",
            "permissions_boundary": "",
            "tags": {},
            "tags_all": {
              "Environment": "dev",
              "ManagedBy": "terraform",
              "Project": "async-task-processor"
            },
            "unique_id": "AROARRBCYIDQX2UFTBXCA"
          },
          "sensitive_attributes": [],
          "identity_schema_version": 0,
          "private": "bnVsbA==",
          "dependencies": [
            "data.aws_iam_policy_document.lambda_trust"
          ]
        }
      ]
    },
    {
      "mode": "managed",
      "type": "aws_iam_role",
      "name": "get_task",
      "provider": "provider[\"registry.terraform.io/hashicorp/aws\"]",
      "instances": [
        {
          "schema_version": 0,
          "attributes": {
            "arn": "arn:aws:iam::105299591393:role/async-task-processor-dev-get-task-role",
            "assume_role_policy": "{\"Statement\":[{\"Action\":\"sts:AssumeRole\",\"Effect\":\"Allow\",\"Principal\":{\"Service\":\"lambda.amazonaws.com\"}}],\"Version\":\"2012-10-17\"}",
            "create_date": "2026-04-13T09:05:19Z",
            "description": "",
            "force_detach_policies": false,
            "id": "async-task-processor-dev-get-task-role",
            "inline_policy": [
              {
                "name": "dynamo-read",
                "policy": "{\"Version\":\"2012-10-17\",\"Statement\":[{\"Action\":[\"dynamodb:GetItem\"],\"Effect\":\"Allow\",\"Resource\":[\"arn:aws:dynamodb:us-east-2:105299591393:table/async-task-processor-dev-tasks\"]}]}"
              }
            ],
            "managed_policy_arns": [
              "arn:aws:iam::aws:policy/service-role/AWSLambdaBasicExecutionRole"
            ],
            "max_session_duration": 3600,
            "name": "async-task-processor-dev-get-task-role",
            "name_prefix": "",
            "path": "/",
            "permissions_boundary": "",
            "tags": {},
            "tags_all": {
              "Environment": "dev",
              "ManagedBy": "terraform",
              "Project": "async-task-processor"
            },
            "unique_id": "AROARRBCYIDQ25CXJGWVP"
          },
          "sensitive_attributes": [],
          "identity_schema_version": 0,
          "private": "bnVsbA==",
          "dependencies": [
            "data.aws_iam_policy_document.lambda_trust"
          ]
        }
      ]
    },
    {
      "mode": "managed",
      "type": "aws_iam_role",
      "name": "list_tasks",
      "provider": "provider[\"registry.terraform.io/hashicorp/aws\"]",
      "instances": [
        {
          "schema_version": 0,
          "attributes": {
            "arn": "arn:aws:iam::105299591393:role/async-task-processor-dev-list-tasks-role",
            "assume_role_policy": "{\"Statement\":[{\"Action\":\"sts:AssumeRole\",\"Effect\":\"Allow\",\"Principal\":{\"Service\":\"lambda.amazonaws.com\"}}],\"Version\":\"2012-10-17\"}",
            "create_date": "2026-04-13T09:05:19Z",
            "description": "",
            "force_detach_policies": false,
            "id": "async-task-processor-dev-list-tasks-role",
            "inline_policy": [
              {
                "name": "dynamo-query-list-tasks",
                "policy": "{\"Version\":\"2012-10-17\",\"Statement\":[{\"Action\":[\"dynamodb:Query\",\"dynamodb:Scan\"],\"Effect\":\"Allow\",\"Resource\":[\"arn:aws:dynamodb:us-east-2:105299591393:table/async-task-processor-dev-tasks\",\"arn:aws:dynamodb:us-east-2:105299591393:table/async-task-processor-dev-tasks/index/status-created-index\"]}]}"
              }
            ],
            "managed_policy_arns": [
              "arn:aws:iam::aws:policy/service-role/AWSLambdaBasicExecutionRole"
            ],
            "max_session_duration": 3600,
            "name": "async-task-processor-dev-list-tasks-role",
            "name_prefix": "",
            "path": "/",
            "permissions_boundary": "",
            "tags": {},
            "tags_all": {
              "Environment": "dev",
              "ManagedBy": "terraform",
              "Project": "async-task-processor"
            },
            "unique_id": "AROARRBCYIDQ5AKYNML2B"
          },
          "sensitive_attributes": [],
          "identity_schema_version": 0,
          "private": "bnVsbA==",
          "dependencies": [
            "data.aws_iam_policy_document.lambda_trust"
          ]
        }
      ]
    },
    {
      "mode": "managed",
      "type": "aws_iam_role",
      "name": "process_task",
      "provider": "provider[\"registry.terraform.io/hashicorp/aws\"]",
      "instances": [
        {
          "schema_version": 0,
          "attributes": {
            "arn": "arn:aws:iam::105299591393:role/async-task-processor-dev-process-task-role",
            "assume_role_policy": "{\"Statement\":[{\"Action\":\"sts:AssumeRole\",\"Effect\":\"Allow\",\"Principal\":{\"Service\":\"lambda.amazonaws.com\"}}],\"Version\":\"2012-10-17\"}",
            "create_date": "2026-04-13T09:05:18Z",
            "description": "",
            "force_detach_policies": false,
            "id": "async-task-processor-dev-process-task-role",
            "inline_policy": [
              {
                "name": "dynamo-update",
                "policy": "{\"Version\":\"2012-10-17\",\"Statement\":[{\"Action\":[\"dynamodb:UpdateItem\",\"dynamodb:GetItem\"],\"Effect\":\"Allow\",\"Resource\":\"arn:aws:dynamodb:us-east-2:105299591393:table/async-task-processor-dev-tasks\",\"Sid\":\"UpdateTasks\"}]}"
              }
            ],
            "managed_policy_arns": [
              "arn:aws:iam::aws:policy/service-role/AWSLambdaBasicExecutionRole"
            ],
            "max_session_duration": 3600,
            "name": "async-task-processor-dev-process-task-role",
            "name_prefix": "",
            "path": "/",
            "permissions_boundary": "",
            "tags": {},
            "tags_all": {
              "Environment": "dev",
              "ManagedBy": "terraform",
              "Project": "async-task-processor"
            },
            "unique_id": "AROARRBCYIDQUGK4PXK6I"
          },
          "sensitive_attributes": [],
          "identity_schema_version": 0,
          "private": "bnVsbA==",
          "dependencies": [
            "data.aws_iam_policy_document.lambda_trust"
          ]
        }
      ]
    },
    {
      "mode": "managed",
      "type": "aws_iam_role",
      "name": "sfn_exec",
      "provider": "provider[\"registry.terraform.io/hashicorp/aws\"]",
      "instances": [
        {
          "schema_version": 0,
          "attributes": {
            "arn": "arn:aws:iam::105299591393:role/async-task-processor-dev-sfn-exec-role",
            "assume_role_policy": "{\"Statement\":[{\"Action\":\"sts:AssumeRole\",\"Condition\":{\"StringEquals\":{\"aws:SourceAccount\":\"105299591393\"}},\"Effect\":\"Allow\",\"Principal\":{\"Service\":\"states.amazonaws.com\"}}],\"Version\":\"2012-10-17\"}",
            "create_date": "2026-04-13T09:05:19Z",
            "description": "",
            "force_detach_policies": false,
            "id": "async-task-processor-dev-sfn-exec-role",
            "inline_policy": [
              {
                "name": "invoke-lambdas-and-log",
                "policy": "{\"Version\":\"2012-10-17\",\"Statement\":[{\"Action\":\"lambda:InvokeFunction\",\"Effect\":\"Allow\",\"Resource\":[\"arn:aws:lambda:us-east-2:105299591393:function:async-task-processor-dev-validate-task:*\",\"arn:aws:lambda:us-east-2:105299591393:function:async-task-processor-dev-validate-task\",\"arn:aws:lambda:us-east-2:105299591393:function:async-task-processor-dev-process-task:*\",\"arn:aws:lambda:us-east-2:105299591393:function:async-task-processor-dev-process-task\"],\"Sid\":\"InvokeLambdas\"},{\"Action\":[\"logs:UpdateLogDelivery\",\"logs:PutResourcePolicy\",\"logs:ListLogDeliveries\",\"logs:GetLogDelivery\",\"logs:DescribeResourcePolicies\",\"logs:DescribeLogGroups\",\"logs:DeleteLogDelivery\",\"logs:CreateLogDelivery\"],\"Effect\":\"Allow\",\"Resource\":\"*\",\"Sid\":\"WriteExecutionLogs\"}]}"
              }
            ],
            "managed_policy_arns": [],
            "max_session_duration": 3600,
            "name": "async-task-processor-dev-sfn-exec-role",
            "name_prefix": "",
            "path": "/",
            "permissions_boundary": "",
            "tags": {},
            "tags_all": {
              "Environment": "dev",
              "ManagedBy": "terraform",
              "Project": "async-task-processor"
            },
            "unique_id": "AROARRBCYIDQWGFJOL54S"
          },
          "sensitive_attributes": [],
          "identity_schema_version": 0,
          "private": "bnVsbA==",
          "dependencies": [
            "data.aws_caller_identity.current",
            "data.aws_iam_policy_document.sfn_trust"
          ]
        }
      ]
    },
    {
      "mode": "managed",
      "type": "aws_iam_role",
      "name": "validate_task",
      "provider": "provider[\"registry.terraform.io/hashicorp/aws\"]",
      "instances": [
        {
          "schema_version": 0,
          "attributes": {
            "arn": "arn:aws:iam::105299591393:role/async-task-processor-dev-validate-task-role",
            "assume_role_policy": "{\"Statement\":[{\"Action\":\"sts:AssumeRole\",\"Effect\":\"Allow\",\"Principal\":{\"Service\":\"lambda.amazonaws.com\"}}],\"Version\":\"2012-10-17\"}",
            "create_date": "2026-04-13T09:05:19Z",
            "description": "",
            "force_detach_policies": false,
            "id": "async-task-processor-dev-validate-task-role",
            "inline_policy": [
              {
                "name": "dynamo-write",
                "policy": "{\"Version\":\"2012-10-17\",\"Statement\":[{\"Action\":[\"dynamodb:PutItem\",\"dynamodb:GetItem\"],\"Effect\":\"Allow\",\"Resource\":\"arn:aws:dynamodb:us-east-2:105299591393:table/async-task-processor-dev-tasks\",\"Sid\":\"WriteTasks\"}]}"
              }
            ],
            "managed_policy_arns": [
              "arn:aws:iam::aws:policy/service-role/AWSLambdaBasicExecutionRole"
            ],
            "max_session_duration": 3600,
            "name": "async-task-processor-dev-validate-task-role",
            "name_prefix": "",
            "path": "/",
            "permissions_boundary": "",
            "tags": {},
            "tags_all": {
              "Environment": "dev",
              "ManagedBy": "terraform",
              "Project": "async-task-processor"
            },
            "unique_id": "AROARRBCYIDQ4FXHAFKSI"
          },
          "sensitive_attributes": [],
          "identity_schema_version": 0,
          "private": "bnVsbA==",
          "dependencies": [
            "data.aws_iam_policy_document.lambda_trust"
          ]
        }
      ]
    },
    {
      "mode": "managed",
      "type": "aws_iam_role_policy",
      "name": "apigw_sfn_start",
      "provider": "provider[\"registry.terraform.io/hashicorp/aws\"]",
      "instances": [
        {
          "schema_version": 0,
          "attributes": {
            "id": "async-task-processor-dev-apigw-sfn-role:start-executions",
            "name": "start-executions",
            "name_prefix": "",
            "policy": "{\"Version\":\"2012-10-17\",\"Statement\":[{\"Action\":\"states:StartExecution\",\"Effect\":\"Allow\",\"Resource\":\"arn:aws:states:us-east-2:105299591393:stateMachine:async-task-processor-dev-task-workflow\"}]}",
            "role": "async-task-processor-dev-apigw-sfn-role"
          },
          "sensitive_attributes": [],
          "identity_schema_version": 0,
          "private": "bnVsbA==",
          "dependencies": [
            "aws_cloudwatch_log_group.fail_task",
            "aws_cloudwatch_log_group.process_task",
            "aws_cloudwatch_log_group.sfn_logs",
            "aws_cloudwatch_log_group.validate_task",
            "aws_dynamodb_table.tasks",
            "aws_iam_role.apigw_sfn",
            "aws_iam_role.fail_task",
            "aws_iam_role.process_task",
            "aws_iam_role.sfn_exec",
            "aws_iam_role.validate_task",
            "aws_lambda_function.fail_task",
            "aws_lambda_function.process_task",
            "aws_lambda_function.validate_task",
            "aws_sfn_state_machine.task_workflow",
            "data.archive_file.fail_task",
            "data.archive_file.process_task",
            "data.archive_file.validate_task",
            "data.aws_caller_identity.current",
            "data.aws_iam_policy_document.lambda_trust",
            "data.aws_iam_policy_document.sfn_trust"
          ]
        }
      ]
    },
    {
      "mode": "managed",
      "type": "aws_iam_role_policy",
      "name": "fail_task_dynamo",
      "provider": "provider[\"registry.terraform.io/hashicorp/aws\"]",
      "instances": [
        {
          "schema_version": 0,
          "attributes": {
            "id": "async-task-processor-dev-fail-task-role:dynamo-update",
            "name": "dynamo-update",
            "name_prefix": "",
            "policy": "{\"Version\":\"2012-10-17\",\"Statement\":[{\"Action\":[\"dynamodb:UpdateItem\",\"dynamodb:GetItem\"],\"Effect\":\"Allow\",\"Resource\":\"arn:aws:dynamodb:us-east-2:105299591393:table/async-task-processor-dev-tasks\",\"Sid\":\"FailTasks\"}]}",
            "role": "async-task-processor-dev-fail-task-role"
          },
          "sensitive_attributes": [],
          "identity_schema_version": 0,
          "private": "bnVsbA==",
          "dependencies": [
            "aws_dynamodb_table.tasks",
            "aws_iam_role.fail_task",
            "data.aws_iam_policy_document.fail_task_dynamo",
            "data.aws_iam_policy_document.lambda_trust"
          ]
        }
      ]
    },
    {
      "mode": "managed",
      "type": "aws_iam_role_policy",
      "name": "get_task_dynamo",
      "provider": "provider[\"registry.terraform.io/hashicorp/aws\"]",
      "instances": [
        {
          "schema_version": 0,
          "attributes": {
            "id": "async-task-processor-dev-get-task-role:dynamo-read",
            "name": "dynamo-read",
            "name_prefix": "",
            "policy": "{\"Version\":\"2012-10-17\",\"Statement\":[{\"Action\":[\"dynamodb:GetItem\"],\"Effect\":\"Allow\",\"Resource\":[\"arn:aws:dynamodb:us-east-2:105299591393:table/async-task-processor-dev-tasks\"]}]}",
            "role": "async-task-processor-dev-get-task-role"
          },
          "sensitive_attributes": [],
          "identity_schema_version": 0,
          "private": "bnVsbA==",
          "dependencies": [
            "aws_dynamodb_table.tasks",
            "aws_iam_role.get_task",
            "data.aws_iam_policy_document.lambda_trust"
          ]
        }
      ]
    },
    {
      "mode": "managed",
      "type": "aws_iam_role_policy",
      "name": "list_tasks_dynamo",
      "provider": "provider[\"registry.terraform.io/hashicorp/aws\"]",
      "instances": [
        {
          "schema_version": 0,
          "attributes": {
            "id": "async-task-processor-dev-list-tasks-role:dynamo-query",
            "name": "dynamo-query",
            "name_prefix": "",
            "policy": "{\"Version\":\"2012-10-17\",\"Statement\":[{\"Action\":[\"dynamodb:Query\",\"dynamodb:Scan\"],\"Effect\":\"Allow\",\"Resource\":[\"arn:aws:dynamodb:us-east-2:105299591393:table/async-task-processor-dev-tasks\",\"arn:aws:dynamodb:us-east-2:105299591393:table/async-task-processor-dev-tasks/index/status-created-index\"]}]}",
            "role": "async-task-processor-dev-list-tasks-role"
          },
          "sensitive_attributes": [],
          "identity_schema_version": 0,
          "private": "bnVsbA==",
          "dependencies": [
            "aws_dynamodb_table.tasks",
            "aws_iam_role.list_tasks",
            "data.aws_iam_policy_document.lambda_trust"
          ]
        }
      ]
    },
    {
      "mode": "managed",
      "type": "aws_iam_role_policy",
      "name": "process_task_dynamo",
      "provider": "provider[\"registry.terraform.io/hashicorp/aws\"]",
      "instances": [
        {
          "schema_version": 0,
          "attributes": {
            "id": "async-task-processor-dev-process-task-role:dynamo-update",
            "name": "dynamo-update",
            "name_prefix": "",
            "policy": "{\"Version\":\"2012-10-17\",\"Statement\":[{\"Action\":[\"dynamodb:UpdateItem\",\"dynamodb:GetItem\"],\"Effect\":\"Allow\",\"Resource\":\"arn:aws:dynamodb:us-east-2:105299591393:table/async-task-processor-dev-tasks\",\"Sid\":\"UpdateTasks\"}]}",
            "role": "async-task-processor-dev-process-task-role"
          },
          "sensitive_attributes": [],
          "identity_schema_version": 0,
          "private": "bnVsbA==",
          "dependencies": [
            "aws_dynamodb_table.tasks",
            "aws_iam_role.process_task",
            "data.aws_iam_policy_document.lambda_trust",
            "data.aws_iam_policy_document.process_task_dynamo"
          ]
        }
      ]
    },
    {
      "mode": "managed",
      "type": "aws_iam_role_policy",
      "name": "sfn_perms",
      "provider": "provider[\"registry.terraform.io/hashicorp/aws\"]",
      "instances": [
        {
          "schema_version": 0,
          "attributes": {
            "id": "async-task-processor-dev-sfn-exec-role:invoke-lambdas-and-log",
            "name": "invoke-lambdas-and-log",
            "name_prefix": "",
            "policy": "{\"Version\":\"2012-10-17\",\"Statement\":[{\"Action\":\"lambda:InvokeFunction\",\"Effect\":\"Allow\",\"Resource\":[\"arn:aws:lambda:us-east-2:105299591393:function:async-task-processor-dev-validate-task:*\",\"arn:aws:lambda:us-east-2:105299591393:function:async-task-processor-dev-validate-task\",\"arn:aws:lambda:us-east-2:105299591393:function:async-task-processor-dev-process-task:*\",\"arn:aws:lambda:us-east-2:105299591393:function:async-task-processor-dev-process-task\"],\"Sid\":\"InvokeLambdas\"},{\"Action\":[\"logs:UpdateLogDelivery\",\"logs:PutResourcePolicy\",\"logs:ListLogDeliveries\",\"logs:GetLogDelivery\",\"logs:DescribeResourcePolicies\",\"logs:DescribeLogGroups\",\"logs:DeleteLogDelivery\",\"logs:CreateLogDelivery\"],\"Effect\":\"Allow\",\"Resource\":\"*\",\"Sid\":\"WriteExecutionLogs\"}]}",
            "role": "async-task-processor-dev-sfn-exec-role"
          },
          "sensitive_attributes": [],
          "identity_schema_version": 0,
          "private": "bnVsbA==",
          "dependencies": [
            "aws_cloudwatch_log_group.process_task",
            "aws_cloudwatch_log_group.validate_task",
            "aws_dynamodb_table.tasks",
            "aws_iam_role.process_task",
            "aws_iam_role.sfn_exec",
            "aws_iam_role.validate_task",
            "aws_lambda_function.process_task",
            "aws_lambda_function.validate_task",
            "data.archive_file.process_task",
            "data.archive_file.validate_task",
            "data.aws_caller_identity.current",
            "data.aws_iam_policy_document.lambda_trust",
            "data.aws_iam_policy_document.sfn_perms",
            "data.aws_iam_policy_document.sfn_trust"
          ]
        }
      ]
    },
    {
      "mode": "managed",
      "type": "aws_iam_role_policy",
      "name": "validate_task_dynamo",
      "provider": "provider[\"registry.terraform.io/hashicorp/aws\"]",
      "instances": [
        {
          "schema_version": 0,
          "attributes": {
            "id": "async-task-processor-dev-validate-task-role:dynamo-write",
            "name": "dynamo-write",
            "name_prefix": "",
            "policy": "{\"Version\":\"2012-10-17\",\"Statement\":[{\"Action\":[\"dynamodb:PutItem\",\"dynamodb:GetItem\"],\"Effect\":\"Allow\",\"Resource\":\"arn:aws:dynamodb:us-east-2:105299591393:table/async-task-processor-dev-tasks\",\"Sid\":\"WriteTasks\"}]}",
            "role": "async-task-processor-dev-validate-task-role"
          },
          "sensitive_attributes": [],
          "identity_schema_version": 0,
          "private": "bnVsbA==",
          "dependencies": [
            "aws_dynamodb_table.tasks",
            "aws_iam_role.validate_task",
            "data.aws_iam_policy_document.lambda_trust",
            "data.aws_iam_policy_document.validate_task_dynamo"
          ]
        }
      ]
    },
    {
      "mode": "managed",
      "type": "aws_iam_role_policy_attachment",
      "name": "ci_deploy_admin",
      "provider": "provider[\"registry.terraform.io/hashicorp/aws\"]",
      "instances": [
        {
          "index_key": 0,
          "schema_version": 0,
          "attributes": {
            "id": "github-actions-deploy-20260413090520793300000006",
            "policy_arn": "arn:aws:iam::aws:policy/AdministratorAccess",
            "role": "github-actions-deploy"
          },
          "sensitive_attributes": [],
          "identity_schema_version": 0,
          "private": "bnVsbA==",
          "dependencies": [
            "aws_iam_openid_connect_provider.github",
            "aws_iam_role.ci_deploy",
            "data.aws_iam_policy_document.github_oidc_trust"
          ]
        }
      ]
    },
    {
      "mode": "managed",
      "type": "aws_iam_role_policy_attachment",
      "name": "fail_task_logs",
      "provider": "provider[\"registry.terraform.io/hashicorp/aws\"]",
      "instances": [
        {
          "schema_version": 0,
          "attributes": {
            "id": "async-task-processor-dev-fail-task-role-20260413090520724300000005",
            "policy_arn": "arn:aws:iam::aws:policy/service-role/AWSLambdaBasicExecutionRole",
            "role": "async-task-processor-dev-fail-task-role"
          },
          "sensitive_attributes": [],
          "identity_schema_version": 0,
          "private": "bnVsbA==",
          "dependencies": [
            "aws_iam_role.fail_task",
            "data.aws_iam_policy_document.lambda_trust"
          ]
        }
      ]
    },
    {
      "mode": "managed",
      "type": "aws_iam_role_policy_attachment",
      "name": "get_task_logs",
      "provider": "provider[\"registry.terraform.io/hashicorp/aws\"]",
      "instances": [
        {
          "schema_version": 0,
          "attributes": {
            "id": "async-task-processor-dev-get-task-role-20260413090520296800000003",
            "policy_arn": "arn:aws:iam::aws:policy/service-role/AWSLambdaBasicExecutionRole",
            "role": "async-task-processor-dev-get-task-role"
          },
          "sensitive_attributes": [],
          "identity_schema_version": 0,
          "private": "bnVsbA==",
          "dependencies": [
            "aws_iam_role.get_task",
            "data.aws_iam_policy_document.lambda_trust"
          ]
        }
      ]
    },
    {
      "mode": "managed",
      "type": "aws_iam_role_policy_attachment",
      "name": "list_tasks_logs",
      "provider": "provider[\"registry.terraform.io/hashicorp/aws\"]",
      "instances": [
        {
          "schema_version": 0,
          "attributes": {
            "id": "async-task-processor-dev-list-tasks-role-20260413090520299800000004",
            "policy_arn": "arn:aws:iam::aws:policy/service-role/AWSLambdaBasicExecutionRole",
            "role": "async-task-processor-dev-list-tasks-role"
          },
          "sensitive_attributes": [],
          "identity_schema_version": 0,
          "private": "bnVsbA==",
          "dependencies": [
            "aws_iam_role.list_tasks",
            "data.aws_iam_policy_document.lambda_trust"
          ]
        }
      ]
    },
    {
      "mode": "managed",
      "type": "aws_iam_role_policy_attachment",
      "name": "process_task_logs",
      "provider": "provider[\"registry.terraform.io/hashicorp/aws\"]",
      "instances": [
        {
          "schema_version": 0,
          "attributes": {
            "id": "async-task-processor-dev-process-task-role-20260413090520038000000001",
            "policy_arn": "arn:aws:iam::aws:policy/service-role/AWSLambdaBasicExecutionRole",
            "role": "async-task-processor-dev-process-task-role"
          },
          "sensitive_attributes": [],
          "identity_schema_version": 0,
          "private": "bnVsbA==",
          "dependencies": [
            "aws_iam_role.process_task",
            "data.aws_iam_policy_document.lambda_trust"
          ]
        }
      ]
    },
    {
      "mode": "managed",
      "type": "aws_iam_role_policy_attachment",
      "name": "validate_task_logs",
      "provider": "provider[\"registry.terraform.io/hashicorp/aws\"]",
      "instances": [
        {
          "schema_version": 0,
          "attributes": {
            "id": "async-task-processor-dev-validate-task-role-20260413090520272900000002",
            "policy_arn": "arn:aws:iam::aws:policy/service-role/AWSLambdaBasicExecutionRole",
            "role": "async-task-processor-dev-validate-task-role"
          },
          "sensitive_attributes": [],
          "identity_schema_version": 0,
          "private": "bnVsbA==",
          "dependencies": [
            "aws_iam_role.validate_task",
            "data.aws_iam_policy_document.lambda_trust"
          ]
        }
      ]
    },
    {
      "mode": "managed",
      "type": "aws_lambda_function",
      "name": "fail_task",
      "provider": "provider[\"registry.terraform.io/hashicorp/aws\"]",
      "instances": [
        {
          "schema_version": 0,
          "attributes": {
            "architectures": [
              "x86_64"
            ],
            "arn": "arn:aws:lambda:us-east-2:105299591393:function:async-task-processor-dev-fail-task",
            "code_sha256": "W8TQgq5zZME9wCVCKThPrdatCqEK7qrC9iVUPQ7lY1c=",
            "code_signing_config_arn": "",
            "dead_letter_config": [],
            "description": "",
            "environment": [
              {
                "variables": {
                  "TASKS_TABLE": "async-task-processor-dev-tasks"
                }
              }
            ],
            "ephemeral_storage": [
              {
                "size": 512
              }
            ],
            "file_system_config": [],
            "filename": "./.build/fail_task.zip",
            "function_name": "async-task-processor-dev-fail-task",
            "handler": "handler.handler",
            "id": "async-task-processor-dev-fail-task",
            "image_config": [],
            "image_uri": "",
            "invoke_arn": "arn:aws:apigateway:us-east-2:lambda:path/2015-03-31/functions/arn:aws:lambda:us-east-2:105299591393:function:async-task-processor-dev-fail-task/invocations",
            "kms_key_arn": "",
            "last_modified": "2026-04-13T09:05:51.609+0000",
            "layers": [],
            "logging_config": [
              {
                "application_log_level": "",
                "log_format": "Text",
                "log_group": "/aws/lambda/async-task-processor-dev-fail-task",
                "system_log_level": ""
              }
            ],
            "memory_size": 128,
            "package_type": "Zip",
            "publish": false,
            "qualified_arn": "arn:aws:lambda:us-east-2:105299591393:function:async-task-processor-dev-fail-task:$LATEST",
            "qualified_invoke_arn": "arn:aws:apigateway:us-east-2:lambda:path/2015-03-31/functions/arn:aws:lambda:us-east-2:105299591393:function:async-task-processor-dev-fail-task:$LATEST/invocations",
            "replace_security_groups_on_destroy": null,
            "replacement_security_group_ids": null,
            "reserved_concurrent_executions": -1,
            "role": "arn:aws:iam::105299591393:role/async-task-processor-dev-fail-task-role",
            "runtime": "nodejs20.x",
            "s3_bucket": null,
            "s3_key": null,
            "s3_object_version": null,
            "signing_job_arn": "",
            "signing_profile_version_arn": "",
            "skip_destroy": false,
            "snap_start": [],
            "source_code_hash": "W8TQgq5zZME9wCVCKThPrdatCqEK7qrC9iVUPQ7lY1c=",
            "source_code_size": 1296,
            "tags": {},
            "tags_all": {
              "Environment": "dev",
              "ManagedBy": "terraform",
              "Project": "async-task-processor"
            },
            "timeout": 30,
            "timeouts": null,
            "tracing_config": [
              {
                "mode": "PassThrough"
              }
            ],
            "version": "$LATEST",
            "vpc_config": []
          },
          "sensitive_attributes": [],
          "identity_schema_version": 0,
          "private": "eyJlMmJmYjczMC1lY2FhLTExZTYtOGY4OC0zNDM2M2JjN2M0YzAiOnsiY3JlYXRlIjo2MDAwMDAwMDAwMDAsImRlbGV0ZSI6NjAwMDAwMDAwMDAwLCJ1cGRhdGUiOjYwMDAwMDAwMDAwMH19",
          "dependencies": [
            "aws_cloudwatch_log_group.fail_task",
            "aws_dynamodb_table.tasks",
            "aws_iam_role.fail_task",
            "data.archive_file.fail_task",
            "data.aws_iam_policy_document.lambda_trust"
          ]
        }
      ]
    },
    {
      "mode": "managed",
      "type": "aws_lambda_function",
      "name": "get_task",
      "provider": "provider[\"registry.terraform.io/hashicorp/aws\"]",
      "instances": [
        {
          "schema_version": 0,
          "attributes": {
            "architectures": [
              "x86_64"
            ],
            "arn": "arn:aws:lambda:us-east-2:105299591393:function:async-task-processor-dev-get-task",
            "code_sha256": "nVJ0dLCou6ru0IEyC8dTr3rTfjlNzy4ZAZ+5qTWtfYQ=",
            "code_signing_config_arn": "",
            "dead_letter_config": [],
            "description": "",
            "environment": [
              {
                "variables": {
                  "CONFIG_VERSION": "2",
                  "TASKS_TABLE": "async-task-processor-dev-tasks"
                }
              }
            ],
            "ephemeral_storage": [
              {
                "size": 512
              }
            ],
            "file_system_config": [],
            "filename": "./.build/get_task.zip",
            "function_name": "async-task-processor-dev-get-task",
            "handler": "handler.handler",
            "id": "async-task-processor-dev-get-task",
            "image_config": [],
            "image_uri": "",
            "invoke_arn": "arn:aws:apigateway:us-east-2:lambda:path/2015-03-31/functions/arn:aws:lambda:us-east-2:105299591393:function:async-task-processor-dev-get-task/invocations",
            "kms_key_arn": "",
            "last_modified": "2026-04-13T09:36:29.000+0000",
            "layers": [],
            "logging_config": [
              {
                "application_log_level": "",
                "log_format": "Text",
                "log_group": "/aws/lambda/async-task-processor-dev-get-task",
                "system_log_level": ""
              }
            ],
            "memory_size": 128,
            "package_type": "Zip",
            "publish": false,
            "qualified_arn": "arn:aws:lambda:us-east-2:105299591393:function:async-task-processor-dev-get-task:$LATEST",
            "qualified_invoke_arn": "arn:aws:apigateway:us-east-2:lambda:path/2015-03-31/functions/arn:aws:lambda:us-east-2:105299591393:function:async-task-processor-dev-get-task:$LATEST/invocations",
            "replace_security_groups_on_destroy": null,
            "replacement_security_group_ids": null,
            "reserved_concurrent_executions": -1,
            "role": "arn:aws:iam::105299591393:role/async-task-processor-dev-get-task-role",
            "runtime": "nodejs20.x",
            "s3_bucket": null,
            "s3_key": null,
            "s3_object_version": null,
            "signing_job_arn": "",
            "signing_profile_version_arn": "",
            "skip_destroy": false,
            "snap_start": [],
            "source_code_hash": "nVJ0dLCou6ru0IEyC8dTr3rTfjlNzy4ZAZ+5qTWtfYQ=",
            "source_code_size": 1061,
            "tags": {},
            "tags_all": {
              "Environment": "dev",
              "ManagedBy": "terraform",
              "Project": "async-task-processor"
            },
            "timeout": 10,
            "timeouts": null,
            "tracing_config": [
              {
                "mode": "PassThrough"
              }
            ],
            "version": "$LATEST",
            "vpc_config": []
          },
          "sensitive_attributes": [],
          "identity_schema_version": 0,
          "private": "eyJlMmJmYjczMC1lY2FhLTExZTYtOGY4OC0zNDM2M2JjN2M0YzAiOnsiY3JlYXRlIjo2MDAwMDAwMDAwMDAsImRlbGV0ZSI6NjAwMDAwMDAwMDAwLCJ1cGRhdGUiOjYwMDAwMDAwMDAwMH19",
          "dependencies": [
            "aws_cloudwatch_log_group.get_task",
            "aws_dynamodb_table.tasks",
            "aws_iam_role.get_task",
            "data.archive_file.get_task",
            "data.aws_iam_policy_document.lambda_trust"
          ]
        }
      ]
    },
    {
      "mode": "managed",
      "type": "aws_lambda_function",
      "name": "list_tasks",
      "provider": "provider[\"registry.terraform.io/hashicorp/aws\"]",
      "instances": [
        {
          "schema_version": 0,
          "attributes": {
            "architectures": [
              "x86_64"
            ],
            "arn": "arn:aws:lambda:us-east-2:105299591393:function:async-task-processor-dev-list-tasks",
            "code_sha256": "BmMNnq4+l46vth6CHxw/cCJskLmeWX0xyQsX2VjkffQ=",
            "code_signing_config_arn": "",
            "dead_letter_config": [],
            "description": "",
            "environment": [
              {
                "variables": {
                  "TASKS_TABLE": "async-task-processor-dev-tasks"
                }
              }
            ],
            "ephemeral_storage": [
              {
                "size": 512
              }
            ],
            "file_system_config": [],
            "filename": "./.build/list_tasks.zip",
            "function_name": "async-task-processor-dev-list-tasks",
            "handler": "handler.handler",
            "id": "async-task-processor-dev-list-tasks",
            "image_config": [],
            "image_uri": "",
            "invoke_arn": "arn:aws:apigateway:us-east-2:lambda:path/2015-03-31/functions/arn:aws:lambda:us-east-2:105299591393:function:async-task-processor-dev-list-tasks/invocations",
            "kms_key_arn": "",
            "last_modified": "2026-04-13T09:28:50.000+0000",
            "layers": [],
            "logging_config": [
              {
                "application_log_level": "",
                "log_format": "Text",
                "log_group": "/aws/lambda/async-task-processor-dev-list-tasks",
                "system_log_level": ""
              }
            ],
            "memory_size": 128,
            "package_type": "Zip",
            "publish": false,
            "qualified_arn": "arn:aws:lambda:us-east-2:105299591393:function:async-task-processor-dev-list-tasks:$LATEST",
            "qualified_invoke_arn": "arn:aws:apigateway:us-east-2:lambda:path/2015-03-31/functions/arn:aws:lambda:us-east-2:105299591393:function:async-task-processor-dev-list-tasks:$LATEST/invocations",
            "replace_security_groups_on_destroy": null,
            "replacement_security_group_ids": null,
            "reserved_concurrent_executions": -1,
            "role": "arn:aws:iam::105299591393:role/async-task-processor-dev-list-tasks-role",
            "runtime": "nodejs20.x",
            "s3_bucket": null,
            "s3_key": null,
            "s3_object_version": null,
            "signing_job_arn": "",
            "signing_profile_version_arn": "",
            "skip_destroy": false,
            "snap_start": [],
            "source_code_hash": "BmMNnq4+l46vth6CHxw/cCJskLmeWX0xyQsX2VjkffQ=",
            "source_code_size": 1672,
            "tags": {},
            "tags_all": {
              "Environment": "dev",
              "ManagedBy": "terraform",
              "Project": "async-task-processor"
            },
            "timeout": 10,
            "timeouts": null,
            "tracing_config": [
              {
                "mode": "PassThrough"
              }
            ],
            "version": "$LATEST",
            "vpc_config": []
          },
          "sensitive_attributes": [],
          "identity_schema_version": 0,
          "private": "eyJlMmJmYjczMC1lY2FhLTExZTYtOGY4OC0zNDM2M2JjN2M0YzAiOnsiY3JlYXRlIjo2MDAwMDAwMDAwMDAsImRlbGV0ZSI6NjAwMDAwMDAwMDAwLCJ1cGRhdGUiOjYwMDAwMDAwMDAwMH19",
          "dependencies": [
            "aws_cloudwatch_log_group.list_tasks",
            "aws_dynamodb_table.tasks",
            "aws_iam_role.list_tasks",
            "data.archive_file.list_tasks",
            "data.aws_iam_policy_document.lambda_trust"
          ]
        }
      ]
    },
    {
      "mode": "managed",
      "type": "aws_lambda_function",
      "name": "process_task",
      "provider": "provider[\"registry.terraform.io/hashicorp/aws\"]",
      "instances": [
        {
          "schema_version": 0,
          "attributes": {
            "architectures": [
              "x86_64"
            ],
            "arn": "arn:aws:lambda:us-east-2:105299591393:function:async-task-processor-dev-process-task",
            "code_sha256": "I9nvmGboneGU+au2g4SuBjxkCo+225hxoeg2iLUuAY0=",
            "code_signing_config_arn": "",
            "dead_letter_config": [],
            "description": "",
            "environment": [
              {
                "variables": {
                  "TASKS_TABLE": "async-task-processor-dev-tasks"
                }
              }
            ],
            "ephemeral_storage": [
              {
                "size": 512
              }
            ],
            "file_system_config": [],
            "filename": "./.build/process_task.zip",
            "function_name": "async-task-processor-dev-process-task",
            "handler": "handler.handler",
            "id": "async-task-processor-dev-process-task",
            "image_config": [],
            "image_uri": "",
            "invoke_arn": "arn:aws:apigateway:us-east-2:lambda:path/2015-03-31/functions/arn:aws:lambda:us-east-2:105299591393:function:async-task-processor-dev-process-task/invocations",
            "kms_key_arn": "",
            "last_modified": "2026-04-13T09:06:11.393+0000",
            "layers": [],
            "logging_config": [
              {
                "application_log_level": "",
                "log_format": "Text",
                "log_group": "/aws/lambda/async-task-processor-dev-process-task",
                "system_log_level": ""
              }
            ],
            "memory_size": 128,
            "package_type": "Zip",
            "publish": false,
            "qualified_arn": "arn:aws:lambda:us-east-2:105299591393:function:async-task-processor-dev-process-task:$LATEST",
            "qualified_invoke_arn": "arn:aws:apigateway:us-east-2:lambda:path/2015-03-31/functions/arn:aws:lambda:us-east-2:105299591393:function:async-task-processor-dev-process-task:$LATEST/invocations",
            "replace_security_groups_on_destroy": null,
            "replacement_security_group_ids": null,
            "reserved_concurrent_executions": -1,
            "role": "arn:aws:iam::105299591393:role/async-task-processor-dev-process-task-role",
            "runtime": "nodejs20.x",
            "s3_bucket": null,
            "s3_key": null,
            "s3_object_version": null,
            "signing_job_arn": "",
            "signing_profile_version_arn": "",
            "skip_destroy": false,
            "snap_start": [],
            "source_code_hash": "I9nvmGboneGU+au2g4SuBjxkCo+225hxoeg2iLUuAY0=",
            "source_code_size": 79005,
            "tags": {},
            "tags_all": {
              "Environment": "dev",
              "ManagedBy": "terraform",
              "Project": "async-task-processor"
            },
            "timeout": 30,
            "timeouts": null,
            "tracing_config": [
              {
                "mode": "PassThrough"
              }
            ],
            "version": "$LATEST",
            "vpc_config": []
          },
          "sensitive_attributes": [],
          "identity_schema_version": 0,
          "private": "eyJlMmJmYjczMC1lY2FhLTExZTYtOGY4OC0zNDM2M2JjN2M0YzAiOnsiY3JlYXRlIjo2MDAwMDAwMDAwMDAsImRlbGV0ZSI6NjAwMDAwMDAwMDAwLCJ1cGRhdGUiOjYwMDAwMDAwMDAwMH19",
          "dependencies": [
            "aws_cloudwatch_log_group.process_task",
            "aws_dynamodb_table.tasks",
            "aws_iam_role.process_task",
            "data.archive_file.process_task",
            "data.aws_iam_policy_document.lambda_trust"
          ]
        }
      ]
    },
    {
      "mode": "managed",
      "type": "aws_lambda_function",
      "name": "validate_task",
      "provider": "provider[\"registry.terraform.io/hashicorp/aws\"]",
      "instances": [
        {
          "schema_version": 0,
          "attributes": {
            "architectures": [
              "x86_64"
            ],
            "arn": "arn:aws:lambda:us-east-2:105299591393:function:async-task-processor-dev-validate-task",
            "code_sha256": "Er/AP/FyCArwN7WHne968NwoJE7qDlMHA4D98VMksX0=",
            "code_signing_config_arn": "",
            "dead_letter_config": [],
            "description": "",
            "environment": [
              {
                "variables": {
                  "TASKS_TABLE": "async-task-processor-dev-tasks"
                }
              }
            ],
            "ephemeral_storage": [
              {
                "size": 512
              }
            ],
            "file_system_config": [],
            "filename": "./.build/validate_task.zip",
            "function_name": "async-task-processor-dev-validate-task",
            "handler": "handler.handler",
            "id": "async-task-processor-dev-validate-task",
            "image_config": [],
            "image_uri": "",
            "invoke_arn": "arn:aws:apigateway:us-east-2:lambda:path/2015-03-31/functions/arn:aws:lambda:us-east-2:105299591393:function:async-task-processor-dev-validate-task/invocations",
            "kms_key_arn": "",
            "last_modified": "2026-04-13T09:05:45.187+0000",
            "layers": [],
            "logging_config": [
              {
                "application_log_level": "",
                "log_format": "Text",
                "log_group": "/aws/lambda/async-task-processor-dev-validate-task",
                "system_log_level": ""
              }
            ],
            "memory_size": 128,
            "package_type": "Zip",
            "publish": false,
            "qualified_arn": "arn:aws:lambda:us-east-2:105299591393:function:async-task-processor-dev-validate-task:$LATEST",
            "qualified_invoke_arn": "arn:aws:apigateway:us-east-2:lambda:path/2015-03-31/functions/arn:aws:lambda:us-east-2:105299591393:function:async-task-processor-dev-validate-task:$LATEST/invocations",
            "replace_security_groups_on_destroy": null,
            "replacement_security_group_ids": null,
            "reserved_concurrent_executions": -1,
            "role": "arn:aws:iam::105299591393:role/async-task-processor-dev-validate-task-role",
            "runtime": "nodejs20.x",
            "s3_bucket": null,
            "s3_key": null,
            "s3_object_version": null,
            "signing_job_arn": "",
            "signing_profile_version_arn": "",
            "skip_destroy": false,
            "snap_start": [],
            "source_code_hash": "Er/AP/FyCArwN7WHne968NwoJE7qDlMHA4D98VMksX0=",
            "source_code_size": 78521,
            "tags": {},
            "tags_all": {
              "Environment": "dev",
              "ManagedBy": "terraform",
              "Project": "async-task-processor"
            },
            "timeout": 30,
            "timeouts": null,
            "tracing_config": [
              {
                "mode": "PassThrough"
              }
            ],
            "version": "$LATEST",
            "vpc_config": []
          },
          "sensitive_attributes": [],
          "identity_schema_version": 0,
          "private": "eyJlMmJmYjczMC1lY2FhLTExZTYtOGY4OC0zNDM2M2JjN2M0YzAiOnsiY3JlYXRlIjo2MDAwMDAwMDAwMDAsImRlbGV0ZSI6NjAwMDAwMDAwMDAwLCJ1cGRhdGUiOjYwMDAwMDAwMDAwMH19",
          "dependencies": [
            "aws_cloudwatch_log_group.validate_task",
            "aws_dynamodb_table.tasks",
            "aws_iam_role.validate_task",
            "data.archive_file.validate_task",
            "data.aws_iam_policy_document.lambda_trust"
          ]
        }
      ]
    },
    {
      "mode": "managed",
      "type": "aws_lambda_permission",
      "name": "apigw_get_task",
      "provider": "provider[\"registry.terraform.io/hashicorp/aws\"]",
      "instances": [
        {
          "schema_version": 0,
          "attributes": {
            "action": "lambda:InvokeFunction",
            "event_source_token": null,
            "function_name": "async-task-processor-dev-get-task",
            "function_url_auth_type": null,
            "id": "AllowAPIGatewayInvoke",
            "principal": "apigateway.amazonaws.com",
            "principal_org_id": null,
            "qualifier": "",
            "source_account": null,
            "source_arn": "arn:aws:execute-api:us-east-2:105299591393:84g06eird9/*/*",
            "statement_id": "AllowAPIGatewayInvoke",
            "statement_id_prefix": ""
          },
          "sensitive_attributes": [],
          "identity_schema_version": 0,
          "private": "bnVsbA==",
          "dependencies": [
            "aws_apigatewayv2_api.tasks",
            "aws_cloudwatch_log_group.get_task",
            "aws_dynamodb_table.tasks",
            "aws_iam_role.get_task",
            "aws_lambda_function.get_task",
            "data.archive_file.get_task",
            "data.aws_iam_policy_document.lambda_trust"
          ]
        }
      ]
    },
    {
      "mode": "managed",
      "type": "aws_lambda_permission",
      "name": "apigw_list_tasks",
      "provider": "provider[\"registry.terraform.io/hashicorp/aws\"]",
      "instances": [
        {
          "schema_version": 0,
          "attributes": {
            "action": "lambda:InvokeFunction",
            "event_source_token": null,
            "function_name": "async-task-processor-dev-list-tasks",
            "function_url_auth_type": null,
            "id": "AllowAPIGatewayInvoke",
            "principal": "apigateway.amazonaws.com",
            "principal_org_id": null,
            "qualifier": "",
            "source_account": null,
            "source_arn": "arn:aws:execute-api:us-east-2:105299591393:84g06eird9/*/*",
            "statement_id": "AllowAPIGatewayInvoke",
            "statement_id_prefix": ""
          },
          "sensitive_attributes": [],
          "identity_schema_version": 0,
          "private": "bnVsbA==",
          "dependencies": [
            "aws_apigatewayv2_api.tasks",
            "aws_cloudwatch_log_group.list_tasks",
            "aws_dynamodb_table.tasks",
            "aws_iam_role.list_tasks",
            "aws_lambda_function.list_tasks",
            "data.archive_file.list_tasks",
            "data.aws_iam_policy_document.lambda_trust"
          ]
        }
      ]
    },
    {
      "mode": "managed",
      "type": "aws_sfn_state_machine",
      "name": "task_workflow",
      "provider": "provider[\"registry.terraform.io/hashicorp/aws\"]",
      "instances": [
        {
          "schema_version": 0,
          "attributes": {
            "arn": "arn:aws:states:us-east-2:105299591393:stateMachine:async-task-processor-dev-task-workflow",
            "creation_date": "2026-04-13T09:06:45Z",
            "definition": "{\"Comment\":\"Task processing workflow: validate -\\u003e process task -\\u003e notify\",\"StartAt\":\"ValidateTask\",\"States\":{\"FailTask\":{\"Catch\":[{\"ErrorEquals\":[\"States.ALL\"],\"Next\":\"TaskFailed\",\"ResultPath\":\"$.error\"}],\"Next\":\"TaskFailed\",\"Resource\":\"arn:aws:lambda:us-east-2:105299591393:function:async-task-processor-dev-fail-task\",\"Retry\":[{\"BackoffRate\":2,\"ErrorEquals\":[\"Lambda.ServiceException\",\"Lambda.AWSLambdaException\",\"Lambda.SdkClientException\",\"Lambda.TooManyRequestsException\"],\"IntervalSeconds\":2,\"JitterStrategy\":\"FULL\",\"MaxAttempts\":3}],\"Type\":\"Task\"},\"ProcessTask\":{\"Catch\":[{\"ErrorEquals\":[\"States.ALL\"],\"Next\":\"FailTask\",\"ResultPath\":\"$.error\"}],\"Next\":\"TaskSucceeded\",\"Resource\":\"arn:aws:lambda:us-east-2:105299591393:function:async-task-processor-dev-process-task\",\"Retry\":[{\"BackoffRate\":2,\"ErrorEquals\":[\"States.ALL\"],\"IntervalSeconds\":2,\"JitterStrategy\":\"FULL\",\"MaxAttempts\":3}],\"Type\":\"Task\"},\"TaskFailed\":{\"Cause\":\"Task failed — check $.error in the execution event for details\",\"Error\":\"TaskProcessingFailed\",\"Type\":\"Fail\"},\"TaskSucceeded\":{\"Type\":\"Succeed\"},\"ValidateTask\":{\"Catch\":[{\"ErrorEquals\":[\"States.ALL\"],\"Next\":\"TaskFailed\",\"ResultPath\":\"$.error\"}],\"Next\":\"ProcessTask\",\"Resource\":\"arn:aws:lambda:us-east-2:105299591393:function:async-task-processor-dev-validate-task\",\"Retry\":[{\"BackoffRate\":2,\"ErrorEquals\":[\"Lambda.ServiceException\",\"Lambda.AWSLambdaException\",\"Lambda.SdkClientException\",\"Lambda.TooManyRequestsException\"],\"IntervalSeconds\":2,\"JitterStrategy\":\"FULL\",\"MaxAttempts\":3}],\"Type\":\"Task\"}}}",
            "description": "",
            "encryption_configuration": [
              {
                "kms_data_key_reuse_period_seconds": 0,
                "kms_key_id": "",
                "type": "AWS_OWNED_KEY"
              }
            ],
            "id": "arn:aws:states:us-east-2:105299591393:stateMachine:async-task-processor-dev-task-workflow",
            "logging_configuration": [
              {
                "include_execution_data": true,
                "level": "ERROR",
                "log_destination": "arn:aws:logs:us-east-2:105299591393:log-group:/aws/states/async-task-processor-dev-task-workflow:*"
              }
            ],
            "name": "async-task-processor-dev-task-workflow",
            "name_prefix": "",
            "publish": false,
            "revision_id": "",
            "role_arn": "arn:aws:iam::105299591393:role/async-task-processor-dev-sfn-exec-role",
            "state_machine_version_arn": "",
            "status": "ACTIVE",
            "tags": {},
            "tags_all": {
              "Environment": "dev",
              "ManagedBy": "terraform",
              "Project": "async-task-processor"
            },
            "timeouts": null,
            "tracing_configuration": [
              {
                "enabled": true
              }
            ],
            "type": "STANDARD",
            "version_description": null
          },
          "sensitive_attributes": [],
          "identity_schema_version": 0,
          "private": "eyJlMmJmYjczMC1lY2FhLTExZTYtOGY4OC0zNDM2M2JjN2M0YzAiOnsiY3JlYXRlIjozMDAwMDAwMDAwMDAsImRlbGV0ZSI6MzAwMDAwMDAwMDAwLCJ1cGRhdGUiOjYwMDAwMDAwMDAwfX0=",
          "dependencies": [
            "aws_cloudwatch_log_group.fail_task",
            "aws_cloudwatch_log_group.process_task",
            "aws_cloudwatch_log_group.sfn_logs",
            "aws_cloudwatch_log_group.validate_task",
            "aws_dynamodb_table.tasks",
            "aws_iam_role.fail_task",
            "aws_iam_role.process_task",
            "aws_iam_role.sfn_exec",
            "aws_iam_role.validate_task",
            "aws_lambda_function.fail_task",
            "aws_lambda_function.process_task",
            "aws_lambda_function.validate_task",
            "data.archive_file.fail_task",
            "data.archive_file.process_task",
            "data.archive_file.validate_task",
            "data.aws_caller_identity.current",
            "data.aws_iam_policy_document.lambda_trust",
            "data.aws_iam_policy_document.sfn_trust"
          ]
        }
      ]
    },
    {
      "mode": "managed",
      "type": "aws_sqs_queue",
      "name": "failed_dlq",
      "provider": "provider[\"registry.terraform.io/hashicorp/aws\"]",
      "instances": [
        {
          "schema_version": 0,
          "attributes": {
            "arn": "arn:aws:sqs:us-east-2:105299591393:async-task-processor-dev-failed-dlq",
            "content_based_deduplication": false,
            "deduplication_scope": "",
            "delay_seconds": 0,
            "fifo_queue": false,
            "fifo_throughput_limit": "",
            "id": "https://sqs.us-east-2.amazonaws.com/105299591393/async-task-processor-dev-failed-dlq",
            "kms_data_key_reuse_period_seconds": 300,
            "kms_master_key_id": "alias/aws/sqs",
            "max_message_size": 262144,
            "message_retention_seconds": 1209600,
            "name": "async-task-processor-dev-failed-dlq",
            "name_prefix": "",
            "policy": "",
            "receive_wait_time_seconds": 0,
            "redrive_allow_policy": "",
            "redrive_policy": "",
            "sqs_managed_sse_enabled": false,
            "tags": {},
            "tags_all": {
              "Environment": "dev",
              "ManagedBy": "terraform",
              "Project": "async-task-processor"
            },
            "timeouts": null,
            "url": "https://sqs.us-east-2.amazonaws.com/105299591393/async-task-processor-dev-failed-dlq",
            "visibility_timeout_seconds": 30
          },
          "sensitive_attributes": [],
          "identity_schema_version": 0,
          "private": "eyJlMmJmYjczMC1lY2FhLTExZTYtOGY4OC0zNDM2M2JjN2M0YzAiOnsiY3JlYXRlIjoxODAwMDAwMDAwMDAsImRlbGV0ZSI6MTgwMDAwMDAwMDAwLCJ1cGRhdGUiOjE4MDAwMDAwMDAwMH19"
        }
      ]
    },
    {
      "mode": "managed",
      "type": "aws_sqs_queue",
      "name": "pending",
      "provider": "provider[\"registry.terraform.io/hashicorp/aws\"]",
      "instances": [
        {
          "schema_version": 0,
          "attributes": {
            "arn": "arn:aws:sqs:us-east-2:105299591393:async-task-processor-dev-pending",
            "content_based_deduplication": false,
            "deduplication_scope": "",
            "delay_seconds": 0,
            "fifo_queue": false,
            "fifo_throughput_limit": "",
            "id": "https://sqs.us-east-2.amazonaws.com/105299591393/async-task-processor-dev-pending",
            "kms_data_key_reuse_period_seconds": 300,
            "kms_master_key_id": "alias/aws/sqs",
            "max_message_size": 262144,
            "message_retention_seconds": 345600,
            "name": "async-task-processor-dev-pending",
            "name_prefix": "",
            "policy": "",
            "receive_wait_time_seconds": 0,
            "redrive_allow_policy": "",
            "redrive_policy": "{\"deadLetterTargetArn\":\"arn:aws:sqs:us-east-2:105299591393:async-task-processor-dev-failed-dlq\",\"maxReceiveCount\":3}",
            "sqs_managed_sse_enabled": false,
            "tags": {},
            "tags_all": {
              "Environment": "dev",
              "ManagedBy": "terraform",
              "Project": "async-task-processor"
            },
            "timeouts": null,
            "url": "https://sqs.us-east-2.amazonaws.com/105299591393/async-task-processor-dev-pending",
            "visibility_timeout_seconds": 60
          },
          "sensitive_attributes": [],
          "identity_schema_version": 0,
          "private": "eyJlMmJmYjczMC1lY2FhLTExZTYtOGY4OC0zNDM2M2JjN2M0YzAiOnsiY3JlYXRlIjoxODAwMDAwMDAwMDAsImRlbGV0ZSI6MTgwMDAwMDAwMDAwLCJ1cGRhdGUiOjE4MDAwMDAwMDAwMH19",
          "dependencies": [
            "aws_sqs_queue.failed_dlq"
          ]
        }
      ]
    }
  ],
  "check_results": null
}
